// !$*UTF8*$!
{
	archiveVersion = 1;
	classes = {
	};
	objectVersion = 56;
	objects = {

/* Begin PBXBuildFile section */
		667EC9BA29DEBECA00ACDD0A /* AppDelegate.swift in Sources */ = {isa = PBXBuildFile; fileRef = 667EC9B929DEBECA00ACDD0A /* AppDelegate.swift */; };
		667EC9BC29DEBECA00ACDD0A /* SceneDelegate.swift in Sources */ = {isa = PBXBuildFile; fileRef = 667EC9BB29DEBECA00ACDD0A /* SceneDelegate.swift */; };
		667EC9BE29DEBECA00ACDD0A /* ViewController.swift in Sources */ = {isa = PBXBuildFile; fileRef = 667EC9BD29DEBECA00ACDD0A /* ViewController.swift */; };
		667EC9C129DEBECA00ACDD0A /* Main.storyboard in Resources */ = {isa = PBXBuildFile; fileRef = 667EC9BF29DEBECA00ACDD0A /* Main.storyboard */; };
		667EC9C329DEBECC00ACDD0A /* Assets.xcassets in Resources */ = {isa = PBXBuildFile; fileRef = 667EC9C229DEBECC00ACDD0A /* Assets.xcassets */; };
		667EC9C629DEBECC00ACDD0A /* LaunchScreen.storyboard in Resources */ = {isa = PBXBuildFile; fileRef = 667EC9C429DEBECC00ACDD0A /* LaunchScreen.storyboard */; };
		667EC9D729DEC30900ACDD0A /* Localizable.strings in Resources */ = {isa = PBXBuildFile; fileRef = 667EC9D929DEC30900ACDD0A /* Localizable.strings */; };
		667EC9DD29DECB2F00ACDD0A /* InfoPlist.strings in Resources */ = {isa = PBXBuildFile; fileRef = 667EC9DF29DECB2F00ACDD0A /* InfoPlist.strings */; };
/* End PBXBuildFile section */

/* Begin PBXFileReference section */
		667EC9B629DEBECA00ACDD0A /* MuiltLanguages.app */ = {isa = PBXFileReference; explicitFileType = wrapper.application; includeInIndex = 0; path = MuiltLanguages.app; sourceTree = BUILT_PRODUCTS_DIR; };
		667EC9B929DEBECA00ACDD0A /* AppDelegate.swift */ = {isa = PBXFileReference; lastKnownFileType = sourcecode.swift; path = AppDelegate.swift; sourceTree = "<group>"; };
		667EC9BB29DEBECA00ACDD0A /* SceneDelegate.swift */ = {isa = PBXFileReference; lastKnownFileType = sourcecode.swift; path = SceneDelegate.swift; sourceTree = "<group>"; };
		667EC9BD29DEBECA00ACDD0A /* ViewController.swift */ = {isa = PBXFileReference; lastKnownFileType = sourcecode.swift; path = ViewController.swift; sourceTree = "<group>"; };
		667EC9C029DEBECA00ACDD0A /* Base */ = {isa = PBXFileReference; lastKnownFileType = file.storyboard; name = Base; path = Base.lproj/Main.storyboard; sourceTree = "<group>"; };
		667EC9C229DEBECC00ACDD0A /* Assets.xcassets */ = {isa = PBXFileReference; lastKnownFileType = folder.assetcatalog; path = Assets.xcassets; sourceTree = "<group>"; };
		667EC9C529DEBECC00ACDD0A /* Base */ = {isa = PBXFileReference; lastKnownFileType = file.storyboard; name = Base; path = Base.lproj/LaunchScreen.storyboard; sourceTree = "<group>"; };
		667EC9C729DEBECC00ACDD0A /* Info.plist */ = {isa = PBXFileReference; lastKnownFileType = text.plist.xml; path = Info.plist; sourceTree = "<group>"; };
		667EC9CD29DEC1F900ACDD0A /* ar */ = {isa = PBXFileReference; lastKnownFileType = text.plist.strings; name = ar; path = ar.lproj/Main.strings; sourceTree = "<group>"; };
		667EC9CE29DEC1F900ACDD0A /* ar */ = {isa = PBXFileReference; lastKnownFileType = text.plist.strings; name = ar; path = ar.lproj/LaunchScreen.strings; sourceTree = "<group>"; };
		667EC9D829DEC30900ACDD0A /* en */ = {isa = PBXFileReference; lastKnownFileType = text.plist.strings; name = en; path = en.lproj/Localizable.strings; sourceTree = "<group>"; };
		667EC9DA29DEC31200ACDD0A /* ar */ = {isa = PBXFileReference; lastKnownFileType = text.plist.strings; name = ar; path = ar.lproj/Localizable.strings; sourceTree = "<group>"; };
		667EC9DE29DECB2F00ACDD0A /* en */ = {isa = PBXFileReference; lastKnownFileType = text.plist.strings; name = en; path = en.lproj/InfoPlist.strings; sourceTree = "<group>"; };
		667EC9E029DECB3500ACDD0A /* ar */ = {isa = PBXFileReference; lastKnownFileType = text.plist.strings; name = ar; path = ar.lproj/InfoPlist.strings; sourceTree = "<group>"; };
/* End PBXFileReference section */

/* Begin PBXFrameworksBuildPhase section */
		667EC9B329DEBECA00ACDD0A /* Frameworks */ = {
			isa = PBXFrameworksBuildPhase;
			buildActionMask = 2147483647;
			files = (
			);
			runOnlyForDeploymentPostprocessing = 0;
		};
/* End PBXFrameworksBuildPhase section */

/* Begin PBXGroup section */
		667EC9AD29DEBECA00ACDD0A = {
			isa = PBXGroup;
			children = (
				667EC9B829DEBECA00ACDD0A /* MuiltLanguages */,
				667EC9B729DEBECA00ACDD0A /* Products */,
			);
			sourceTree = "<group>";
		};
		667EC9B729DEBECA00ACDD0A /* Products */ = {
			isa = PBXGroup;
			children = (
				667EC9B629DEBECA00ACDD0A /* MuiltLanguages.app */,
			);
			name = Products;
			sourceTree = "<group>";
		};
		667EC9B829DEBECA00ACDD0A /* MuiltLanguages */ = {
			isa = PBXGroup;
			children = (
				667EC9B929DEBECA00ACDD0A /* AppDelegate.swift */,
				667EC9BB29DEBECA00ACDD0A /* SceneDelegate.swift */,
				667EC9BD29DEBECA00ACDD0A /* ViewController.swift */,
				667EC9BF29DEBECA00ACDD0A /* Main.storyboard */,
				667EC9C229DEBECC00ACDD0A /* Assets.xcassets */,
				667EC9C429DEBECC00ACDD0A /* LaunchScreen.storyboard */,
				667EC9C729DEBECC00ACDD0A /* Info.plist */,
				667EC9D929DEC30900ACDD0A /* Localizable.strings */,
				667EC9DF29DECB2F00ACDD0A /* InfoPlist.strings */,
			);
			path = MuiltLanguages;
			sourceTree = "<group>";
		};
/* End PBXGroup section */

/* Begin PBXNativeTarget section */
		667EC9B529DEBECA00ACDD0A /* MuiltLanguages */ = {
			isa = PBXNativeTarget;
			buildConfigurationList = 667EC9CA29DEBECC00ACDD0A /* Build configuration list for PBXNativeTarget "MuiltLanguages" */;
			buildPhases = (
				667EC9B229DEBECA00ACDD0A /* Sources */,
				667EC9B329DEBECA00ACDD0A /* Frameworks */,
				667EC9B429DEBECA00ACDD0A /* Resources */,
			);
			buildRules = (
			);
			dependencies = (
			);
			name = MuiltLanguages;
			productName = MuiltLanguages;
			productReference = 667EC9B629DEBECA00ACDD0A /* MuiltLanguages.app */;
			productType = "com.apple.product-type.application";
		};
/* End PBXNativeTarget section */

/* Begin PBXProject section */
		667EC9AE29DEBECA00ACDD0A /* Project object */ = {
			isa = PBXProject;
			attributes = {
				BuildIndependentTargetsInParallel = 1;
				LastSwiftUpdateCheck = 1420;
				LastUpgradeCheck = 1420;
				TargetAttributes = {
					667EC9B529DEBECA00ACDD0A = {
						CreatedOnToolsVersion = 14.2;
					};
				};
			};
			buildConfigurationList = 667EC9B129DEBECA00ACDD0A /* Build configuration list for PBXProject "MuiltLanguages" */;
			compatibilityVersion = "Xcode 14.0";
			developmentRegion = en;
			hasScannedForEncodings = 0;
			knownRegions = (
				en,
				Base,
				ar,
			);
			mainGroup = 667EC9AD29DEBECA00ACDD0A;
			productRefGroup = 667EC9B729DEBECA00ACDD0A /* Products */;
			projectDirPath = "";
			projectRoot = "";
			targets = (
				667EC9B529DEBECA00ACDD0A /* MuiltLanguages */,
			);
		};
/* End PBXProject section */

/* Begin PBXResourcesBuildPhase section */
		667EC9B429DEBECA00ACDD0A /* Resources */ = {
			isa = PBXResourcesBuildPhase;
			buildActionMask = 2147483647;
			files = (
				667EC9C629DEBECC00ACDD0A /* LaunchScreen.storyboard in Resources */,
				667EC9D729DEC30900ACDD0A /* Localizable.strings in Resources */,
				667EC9C329DEBECC00ACDD0A /* Assets.xcassets in Resources */,
				667EC9C129DEBECA00ACDD0A /* Main.storyboard in Resources */,
				667EC9DD29DECB2F00ACDD0A /* InfoPlist.strings in Resources */,
			);
			runOnlyForDeploymentPostprocessing = 0;
		};
/* End PBXResourcesBuildPhase section */

/* Begin PBXSourcesBuildPhase section */
		667EC9B229DEBECA00ACDD0A /* Sources */ = {
			isa = PBXSourcesBuildPhase;
			buildActionMask = 2147483647;
			files = (
				667EC9BE29DEBECA00ACDD0A /* ViewController.swift in Sources */,
				667EC9BA29DEBECA00ACDD0A /* AppDelegate.swift in Sources */,
				667EC9BC29DEBECA00ACDD0A /* SceneDelegate.swift in Sources */,
			);
			runOnlyForDeploymentPostprocessing = 0;
		};
/* End PBXSourcesBuildPhase section */

/* Begin PBXVariantGroup section */
		667EC9BF29DEBECA00ACDD0A /* Main.storyboard */ = {
			isa = PBXVariantGroup;
			children = (
				667EC9C029DEBECA00ACDD0A /* Base */,
				667EC9CD29DEC1F900ACDD0A /* ar */,
			);
			name = Main.storyboard;
			sourceTree = "<group>";
		};
		667EC9C429DEBECC00ACDD0A /* LaunchScreen.storyboard */ = {
			isa = PBXVariantGroup;
			children = (
				667EC9C529DEBECC00ACDD0A /* Base */,
				667EC9CE29DEC1F900ACDD0A /* ar */,
			);
			name = LaunchScreen.storyboard;
			sourceTree = "<group>";
		};
		667EC9D929DEC30900ACDD0A /* Localizable.strings */ = {
			isa = PBXVariantGroup;
			children = (
				667EC9D829DEC30900ACDD0A /* en */,
				667EC9DA29DEC31200ACDD0A /* ar */,
			);
			name = Localizable.strings;
			sourceTree = "<group>";
		};
		667EC9DF29DECB2F00ACDD0A /* InfoPlist.strings */ = {
			isa = PBXVariantGroup;
			children = (
				667EC9DE29DECB2F00ACDD0A /* en */,
				667EC9E029DECB3500ACDD0A /* ar */,
			);
			name = InfoPlist.strings;
			sourceTree = "<group>";
		};
/* End PBXVariantGroup section */

/* Begin XCBuildConfiguration section */
		667EC9C829DEBECC00ACDD0A /* Debug */ = {
			isa = XCBuildConfiguration;
			buildSettings = {
				ALWAYS_SEARCH_USER_PATHS = NO;
				CLANG_ANALYZER_LOCALIZABILITY_NONLOCALIZED = YES;
				CLANG_ANALYZER_NONNULL = YES;
				CLANG_ANALYZER_NUMBER_OBJECT_CONVERSION = YES_AGGRESSIVE;
				CLANG_CXX_LANGUAGE_STANDARD = "gnu++20";
				CLANG_ENABLE_MODULES = YES;
				CLANG_ENABLE_OBJC_ARC = YES;
				CLANG_ENABLE_OBJC_WEAK = YES;
				CLANG_WARN_BLOCK_CAPTURE_AUTORELEASING = YES;
				CLANG_WARN_BOOL_CONVERSION = YES;
				CLANG_WARN_COMMA = YES;
				CLANG_WARN_CONSTANT_CONVERSION = YES;
				CLANG_WARN_DEPRECATED_OBJC_IMPLEMENTATIONS = YES;
				CLANG_WARN_DIRECT_OBJC_ISA_USAGE = YES_ERROR;
				CLANG_WARN_DOCUMENTATION_COMMENTS = YES;
				CLANG_WARN_EMPTY_BODY = YES;
				CLANG_WARN_ENUM_CONVERSION = YES;
				CLANG_WARN_INFINITE_RECURSION = YES;
				CLANG_WARN_INT_CONVERSION = YES;
				CLANG_WARN_NON_LITERAL_NULL_CONVERSION = YES;
				CLANG_WARN_OBJC_IMPLICIT_RETAIN_SELF = YES;
				CLANG_WARN_OBJC_LITERAL_CONVERSION = YES;
				CLANG_WARN_OBJC_ROOT_CLASS = YES_ERROR;
				CLANG_WARN_QUOTED_INCLUDE_IN_FRAMEWORK_HEADER = YES;
				CLANG_WARN_RANGE_LOOP_ANALYSIS = YES;
				CLANG_WARN_STRICT_PROTOTYPES = YES;
				CLANG_WARN_SUSPICIOUS_MOVE = YES;
				CLANG_WARN_UNGUARDED_AVAILABILITY = YES_AGGRESSIVE;
				CLANG_WARN_UNREACHABLE_CODE = YES;
				CLANG_WARN__DUPLICATE_METHOD_MATCH = YES;
				COPY_PHASE_STRIP = NO;
				DEBUG_INFORMATION_FORMAT = dwarf;
				ENABLE_STRICT_OBJC_MSGSEND = YES;
				ENABLE_TESTABILITY = YES;
				GCC_C_LANGUAGE_STANDARD = gnu11;
				GCC_DYNAMIC_NO_PIC = NO;
				GCC_NO_COMMON_BLOCKS = YES;
				GCC_OPTIMIZATION_LEVEL = 0;
				GCC_PREPROCESSOR_DEFINITIONS = (
					"DEBUG=1",
					"$(inherited)",
				);
				GCC_WARN_64_TO_32_BIT_CONVERSION = YES;
				GCC_WARN_ABOUT_RETURN_TYPE = YES_ERROR;
				GCC_WARN_UNDECLARED_SELECTOR = YES;
				GCC_WARN_UNINITIALIZED_AUTOS = YES_AGGRESSIVE;
				GCC_WARN_UNUSED_FUNCTION = YES;
				GCC_WARN_UNUSED_VARIABLE = YES;
				IPHONEOS_DEPLOYMENT_TARGET = 16.2;
				MTL_ENABLE_DEBUG_INFO = INCLUDE_SOURCE;
				MTL_FAST_MATH = YES;
				ONLY_ACTIVE_ARCH = YES;
				SDKROOT = iphoneos;
				SWIFT_ACTIVE_COMPILATION_CONDITIONS = DEBUG;
				SWIFT_OPTIMIZATION_LEVEL = "-Onone";
			};
			name = Debug;
		};
		667EC9C929DEBECC00ACDD0A /* Release */ = {
			isa = XCBuildConfiguration;
			buildSettings = {
				ALWAYS_SEARCH_USER_PATHS = NO;
				CLANG_ANALYZER_LOCALIZABILITY_NONLOCALIZED = YES;
				CLANG_ANALYZER_NONNULL = YES;
				CLANG_ANALYZER_NUMBER_OBJECT_CONVERSION = YES_AGGRESSIVE;
				CLANG_CXX_LANGUAGE_STANDARD = "gnu++20";
				CLANG_ENABLE_MODULES = YES;
				CLANG_ENABLE_OBJC_ARC = YES;
				CLANG_ENABLE_OBJC_WEAK = YES;
				CLANG_WARN_BLOCK_CAPTURE_AUTORELEASING = YES;
				CLANG_WARN_BOOL_CONVERSION = YES;
				CLANG_WARN_COMMA = YES;
				CLANG_WARN_CONSTANT_CONVERSION = YES;
				CLANG_WARN_DEPRECATED_OBJC_IMPLEMENTATIONS = YES;
				CLANG_WARN_DIRECT_OBJC_ISA_USAGE = YES_ERROR;
				CLANG_WARN_DOCUMENTATION_COMMENTS = YES;
				CLANG_WARN_EMPTY_BODY = YES;
				CLANG_WARN_ENUM_CONVERSION = YES;
				CLANG_WARN_INFINITE_RECURSION = YES;
				CLANG_WARN_INT_CONVERSION = YES;
				CLANG_WARN_NON_LITERAL_NULL_CONVERSION = YES;
				CLANG_WARN_OBJC_IMPLICIT_RETAIN_SELF = YES;
				CLANG_WARN_OBJC_LITERAL_CONVERSION = YES;
				CLANG_WARN_OBJC_ROOT_CLASS = YES_ERROR;
				CLANG_WARN_QUOTED_INCLUDE_IN_FRAMEWORK_HEADER = YES;
				CLANG_WARN_RANGE_LOOP_ANALYSIS = YES;
				CLANG_WARN_STRICT_PROTOTYPES = YES;
				CLANG_WARN_SUSPICIOUS_MOVE = YES;
				CLANG_WARN_UNGUARDED_AVAILABILITY = YES_AGGRESSIVE;
				CLANG_WARN_UNREACHABLE_CODE = YES;
				CLANG_WARN__DUPLICATE_METHOD_MATCH = YES;
				COPY_PHASE_STRIP = NO;
				DEBUG_INFORMATION_FORMAT = "dwarf-with-dsym";
				ENABLE_NS_ASSERTIONS = NO;
				ENABLE_STRICT_OBJC_MSGSEND = YES;
				GCC_C_LANGUAGE_STANDARD = gnu11;
				GCC_NO_COMMON_BLOCKS = YES;
				GCC_WARN_64_TO_32_BIT_CONVERSION = YES;
				GCC_WARN_ABOUT_RETURN_TYPE = YES_ERROR;
				GCC_WARN_UNDECLARED_SELECTOR = YES;
				GCC_WARN_UNINITIALIZED_AUTOS = YES_AGGRESSIVE;
				GCC_WARN_UNUSED_FUNCTION = YES;
				GCC_WARN_UNUSED_VARIABLE = YES;
				IPHONEOS_DEPLOYMENT_TARGET = 16.2;
				MTL_ENABLE_DEBUG_INFO = NO;
				MTL_FAST_MATH = YES;
				SDKROOT = iphoneos;
				SWIFT_COMPILATION_MODE = wholemodule;
				SWIFT_OPTIMIZATION_LEVEL = "-O";
				VALIDATE_PRODUCT = YES;
			};
			name = Release;
		};
		667EC9CB29DEBECC00ACDD0A /* Debug */ = {
			isa = XCBuildConfiguration;
			buildSettings = {
				ASSETCATALOG_COMPILER_APPICON_NAME = AppIcon;
				ASSETCATALOG_COMPILER_GLOBAL_ACCENT_COLOR_NAME = AccentColor;
				CODE_SIGN_STYLE = Automatic;
				CURRENT_PROJECT_VERSION = 1;
				GENERATE_INFOPLIST_FILE = YES;
				INFOPLIST_FILE = MuiltLanguages/Info.plist;
				INFOPLIST_KEY_UIApplicationSupportsIndirectInputEvents = YES;
				INFOPLIST_KEY_UILaunchStoryboardName = LaunchScreen;
				INFOPLIST_KEY_UIMainStoryboardFile = Main;
				INFOPLIST_KEY_UISupportedInterfaceOrientations_iPad = "UIInterfaceOrientationPortrait UIInterfaceOrientationPortraitUpsideDown UIInterfaceOrientationLandscapeLeft UIInterfaceOrientationLandscapeRight";
				INFOPLIST_KEY_UISupportedInterfaceOrientations_iPhone = "UIInterfaceOrientationPortrait UIInterfaceOrientationLandscapeLeft UIInterfaceOrientationLandscapeRight";
				LD_RUNPATH_SEARCH_PATHS = (
					"$(inherited)",
					"@executable_path/Frameworks",
				);
				MARKETING_VERSION = 1.0;
				PRODUCT_BUNDLE_IDENTIFIER = com.mohamedshehata.MuiltLanguages;
				PRODUCT_NAME = "$(TARGET_NAME)";
				SWIFT_EMIT_LOC_STRINGS = YES;
				SWIFT_VERSION = 5.0;
				TARGETED_DEVICE_FAMILY = "1,2";
			};
			name = Debug;
		};
		667EC9CC29DEBECC00ACDD0A /* Release */ = {
			isa = XCBuildConfiguration;
			buildSettings = {
				ASSETCATALOG_COMPILER_APPICON_NAME = AppIcon;
				ASSETCATALOG_COMPILER_GLOBAL_ACCENT_COLOR_NAME = AccentColor;
				CODE_SIGN_STYLE = Automatic;
				CURRENT_PROJECT_VERSION = 1;
				GENERATE_INFOPLIST_FILE = YES;
				INFOPLIST_FILE = MuiltLanguages/Info.plist;
				INFOPLIST_KEY_UIApplicationSupportsIndirectInputEvents = YES;
				INFOPLIST_KEY_UILaunchStoryboardName = LaunchScreen;
				INFOPLIST_KEY_UIMainStoryboardFile = Main;
				INFOPLIST_KEY_UISupportedInterfaceOrientations_iPad = "UIInterfaceOrientationPortrait UIInterfaceOrientationPortraitUpsideDown UIInterfaceOrientationLandscapeLeft UIInterfaceOrientationLandscapeRight";
				INFOPLIST_KEY_UISupportedInterfaceOrientations_iPhone = "UIInterfaceOrientationPortrait UIInterfaceOrientationLandscapeLeft UIInterfaceOrientationLandscapeRight";
				LD_RUNPATH_SEARCH_PATHS = (
					"$(inherited)",
					"@executable_path/Frameworks",
				);
				MARKETING_VERSION = 1.0;
				PRODUCT_BUNDLE_IDENTIFIER = com.mohamedshehata.MuiltLanguages;
				PRODUCT_NAME = "$(TARGET_NAME)";
				SWIFT_EMIT_LOC_STRINGS = YES;
				SWIFT_VERSION = 5.0;
				TARGETED_DEVICE_FAMILY = "1,2";
			};
			name = Release;
		};
/* End XCBuildConfiguration section */

/* Begin XCConfigurationList section */
		667EC9B129DEBECA00ACDD0A /* Build configuration list for PBXProject "MuiltLanguages" */ = {
			isa = XCConfigurationList;
			buildConfigurations = (
				667EC9C829DEBECC00ACDD0A /* Debug */,
				667EC9C929DEBECC00ACDD0A /* Release */,
			);
			defaultConfigurationIsVisible = 0;
			defaultConfigurationName = Release;
		};
		667EC9CA29DEBECC00ACDD0A /* Build configuration list for PBXNativeTarget "MuiltLanguages" */ = {
			isa = XCConfigurationList;
			buildConfigurations = (
				667EC9CB29DEBECC00ACDD0A /* Debug */,
				667EC9CC29DEBECC00ACDD0A /* Release */,
			);
			defaultConfigurationIsVisible = 0;
			defaultConfigurationName = Release;
		};
/* End XCConfigurationList section */
	};
	rootObject = 667EC9AE29DEBECA00ACDD0A /* Project object */;
}
