// !$*UTF8*$!
{
	archiveVersion = 1;
	classes = {
	};
	objectVersion = 56;
	objects = {

/* Begin PBXBuildFile section */
		663BCA7029D1C12800155B51 /* AppDelegate.swift in Sources */ = {isa = PBXBuildFile; fileRef = 663BCA6F29D1C12800155B51 /* AppDelegate.swift */; };
		663BCA7229D1C12800155B51 /* SceneDelegate.swift in Sources */ = {isa = PBXBuildFile; fileRef = 663BCA7129D1C12800155B51 /* SceneDelegate.swift */; };
		663BCA7429D1C12800155B51 /* CreateViewController.swift in Sources */ = {isa = PBXBuildFile; fileRef = 663BCA7329D1C12800155B51 /* CreateViewController.swift */; };
		663BCA7729D1C12800155B51 /* Main.storyboard in Resources */ = {isa = PBXBuildFile; fileRef = 663BCA7529D1C12800155B51 /* Main.storyboard */; };
		663BCA7A29D1C12800155B51 /* Note2App.xcdatamodeld in Sources */ = {isa = PBXBuildFile; fileRef = 663BCA7829D1C12800155B51 /* Note2App.xcdatamodeld */; };
		663BCA7C29D1C12A00155B51 /* Assets.xcassets in Resources */ = {isa = PBXBuildFile; fileRef = 663BCA7B29D1C12A00155B51 /* Assets.xcassets */; };
		663BCA7F29D1C12A00155B51 /* LaunchScreen.storyboard in Resources */ = {isa = PBXBuildFile; fileRef = 663BCA7D29D1C12A00155B51 /* LaunchScreen.storyboard */; };
		663BCA8729D1C45100155B51 /* HomeViewController.swift in Sources */ = {isa = PBXBuildFile; fileRef = 663BCA8629D1C45100155B51 /* HomeViewController.swift */; };
		663BCA8929D1C5EA00155B51 /* Note.swift in Sources */ = {isa = PBXBuildFile; fileRef = 663BCA8829D1C5EA00155B51 /* Note.swift */; };
/* End PBXBuildFile section */

/* Begin PBXFileReference section */
		663BCA6C29D1C12800155B51 /* Note2App.app */ = {isa = PBXFileReference; explicitFileType = wrapper.application; includeInIndex = 0; path = Note2App.app; sourceTree = BUILT_PRODUCTS_DIR; };
		663BCA6F29D1C12800155B51 /* AppDelegate.swift */ = {isa = PBXFileReference; lastKnownFileType = sourcecode.swift; path = AppDelegate.swift; sourceTree = "<group>"; };
		663BCA7129D1C12800155B51 /* SceneDelegate.swift */ = {isa = PBXFileReference; lastKnownFileType = sourcecode.swift; path = SceneDelegate.swift; sourceTree = "<group>"; };
		663BCA7329D1C12800155B51 /* CreateViewController.swift */ = {isa = PBXFileReference; lastKnownFileType = sourcecode.swift; path = CreateViewController.swift; sourceTree = "<group>"; };
		663BCA7629D1C12800155B51 /* Base */ = {isa = PBXFileReference; lastKnownFileType = file.storyboard; name = Base; path = Base.lproj/Main.storyboard; sourceTree = "<group>"; };
		663BCA7929D1C12800155B51 /* Note2App.xcdatamodel */ = {isa = PBXFileReference; lastKnownFileType = wrapper.xcdatamodel; path = Note2App.xcdatamodel; sourceTree = "<group>"; };
		663BCA7B29D1C12A00155B51 /* Assets.xcassets */ = {isa = PBXFileReference; lastKnownFileType = folder.assetcatalog; path = Assets.xcassets; sourceTree = "<group>"; };
		663BCA7E29D1C12A00155B51 /* Base */ = {isa = PBXFileReference; lastKnownFileType = file.storyboard; name = Base; path = Base.lproj/LaunchScreen.storyboard; sourceTree = "<group>"; };
		663BCA8029D1C12A00155B51 /* Info.plist */ = {isa = PBXFileReference; lastKnownFileType = text.plist.xml; path = Info.plist; sourceTree = "<group>"; };
		663BCA8629D1C45100155B51 /* HomeViewController.swift */ = {isa = PBXFileReference; lastKnownFileType = sourcecode.swift; path = HomeViewController.swift; sourceTree = "<group>"; };
		663BCA8829D1C5EA00155B51 /* Note.swift */ = {isa = PBXFileReference; lastKnownFileType = sourcecode.swift; path = Note.swift; sourceTree = "<group>"; };
/* End PBXFileReference section */

/* Begin PBXFrameworksBuildPhase section */
		663BCA6929D1C12800155B51 /* Frameworks */ = {
			isa = PBXFrameworksBuildPhase;
			buildActionMask = 2147483647;
			files = (
			);
			runOnlyForDeploymentPostprocessing = 0;
		};
/* End PBXFrameworksBuildPhase section */

/* Begin PBXGroup section */
		663BCA6329D1C12800155B51 = {
			isa = PBXGroup;
			children = (
				663BCA6E29D1C12800155B51 /* Note2App */,
				663BCA6D29D1C12800155B51 /* Products */,
			);
			sourceTree = "<group>";
		};
		663BCA6D29D1C12800155B51 /* Products */ = {
			isa = PBXGroup;
			children = (
				663BCA6C29D1C12800155B51 /* Note2App.app */,
			);
			name = Products;
			sourceTree = "<group>";
		};
		663BCA6E29D1C12800155B51 /* Note2App */ = {
			isa = PBXGroup;
			children = (
				663BCA6F29D1C12800155B51 /* AppDelegate.swift */,
				663BCA7129D1C12800155B51 /* SceneDelegate.swift */,
				663BCA7329D1C12800155B51 /* CreateViewController.swift */,
				663BCA7529D1C12800155B51 /* Main.storyboard */,
				663BCA7B29D1C12A00155B51 /* Assets.xcassets */,
				663BCA7D29D1C12A00155B51 /* LaunchScreen.storyboard */,
				663BCA8029D1C12A00155B51 /* Info.plist */,
				663BCA7829D1C12800155B51 /* Note2App.xcdatamodeld */,
				663BCA8629D1C45100155B51 /* HomeViewController.swift */,
				663BCA8829D1C5EA00155B51 /* Note.swift */,
			);
			path = Note2App;
			sourceTree = "<group>";
		};
/* End PBXGroup section */

/* Begin PBXNativeTarget section */
		663BCA6B29D1C12800155B51 /* Note2App */ = {
			isa = PBXNativeTarget;
			buildConfigurationList = 663BCA8329D1C12A00155B51 /* Build configuration list for PBXNativeTarget "Note2App" */;
			buildPhases = (
				663BCA6829D1C12800155B51 /* Sources */,
				663BCA6929D1C12800155B51 /* Frameworks */,
				663BCA6A29D1C12800155B51 /* Resources */,
			);
			buildRules = (
			);
			dependencies = (
			);
			name = Note2App;
			productName = Note2App;
			productReference = 663BCA6C29D1C12800155B51 /* Note2App.app */;
			productType = "com.apple.product-type.application";
		};
/* End PBXNativeTarget section */

/* Begin PBXProject section */
		663BCA6429D1C12800155B51 /* Project object */ = {
			isa = PBXProject;
			attributes = {
				BuildIndependentTargetsInParallel = 1;
				LastSwiftUpdateCheck = 1420;
				LastUpgradeCheck = 1420;
				TargetAttributes = {
					663BCA6B29D1C12800155B51 = {
						CreatedOnToolsVersion = 14.2;
					};
				};
			};
			buildConfigurationList = 663BCA6729D1C12800155B51 /* Build configuration list for PBXProject "Note2App" */;
			compatibilityVersion = "Xcode 14.0";
			developmentRegion = en;
			hasScannedForEncodings = 0;
			knownRegions = (
				en,
				Base,
			);
			mainGroup = 663BCA6329D1C12800155B51;
			productRefGroup = 663BCA6D29D1C12800155B51 /* Products */;
			projectDirPath = "";
			projectRoot = "";
			targets = (
				663BCA6B29D1C12800155B51 /* Note2App */,
			);
		};
/* End PBXProject section */

/* Begin PBXResourcesBuildPhase section */
		663BCA6A29D1C12800155B51 /* Resources */ = {
			isa = PBXResourcesBuildPhase;
			buildActionMask = 2147483647;
			files = (
				663BCA7F29D1C12A00155B51 /* LaunchScreen.storyboard in Resources */,
				663BCA7C29D1C12A00155B51 /* Assets.xcassets in Resources */,
				663BCA7729D1C12800155B51 /* Main.storyboard in Resources */,
			);
			runOnlyForDeploymentPostprocessing = 0;
		};
/* End PBXResourcesBuildPhase section */

/* Begin PBXSourcesBuildPhase section */
		663BCA6829D1C12800155B51 /* Sources */ = {
			isa = PBXSourcesBuildPhase;
			buildActionMask = 2147483647;
			files = (
				663BCA8729D1C45100155B51 /* HomeViewController.swift in Sources */,
				663BCA7429D1C12800155B51 /* CreateViewController.swift in Sources */,
				663BCA7029D1C12800155B51 /* AppDelegate.swift in Sources */,
				663BCA7A29D1C12800155B51 /* Note2App.xcdatamodeld in Sources */,
				663BCA7229D1C12800155B51 /* SceneDelegate.swift in Sources */,
				663BCA8929D1C5EA00155B51 /* Note.swift in Sources */,
			);
			runOnlyForDeploymentPostprocessing = 0;
		};
/* End PBXSourcesBuildPhase section */

/* Begin PBXVariantGroup section */
		663BCA7529D1C12800155B51 /* Main.storyboard */ = {
			isa = PBXVariantGroup;
			children = (
				663BCA7629D1C12800155B51 /* Base */,
			);
			name = Main.storyboard;
			sourceTree = "<group>";
		};
		663BCA7D29D1C12A00155B51 /* LaunchScreen.storyboard */ = {
			isa = PBXVariantGroup;
			children = (
				663BCA7E29D1C12A00155B51 /* Base */,
			);
			name = LaunchScreen.storyboard;
			sourceTree = "<group>";
		};
/* End PBXVariantGroup section */

/* Begin XCBuildConfiguration section */
		663BCA8129D1C12A00155B51 /* Debug */ = {
			isa = XCBuildConfiguration;
			buildSettings = {
				ALWAYS_SEARCH_USER_PATHS = NO;
				CLANG_ANALYZER_NONNULL = YES;
				CLANG_ANALYZER_NUMBER_OBJECT_CONVERSION = YES_AGGRESSIVE;
				CLANG_CXX_LANGUAGE_STANDARD = "gnu++20";
				CLANG_ENABLE_MODULES = YES;
				CLANG_ENABLE_OBJC_ARC = YES;
				CLANG_ENABLE_OBJC_WEAK = YES;
				CLANG_WARN_BLOCK_CAPTURE_AUTORELEASING = YES;
				CLANG_WARN_BOOL_CONVERSION = YES;
				CLANG_WARN_COMMA = YES;
				CLANG_WARN_CONSTANT_CONVERSION = YES;
				CLANG_WARN_DEPRECATED_OBJC_IMPLEMENTATIONS = YES;
				CLANG_WARN_DIRECT_OBJC_ISA_USAGE = YES_ERROR;
				CLANG_WARN_DOCUMENTATION_COMMENTS = YES;
				CLANG_WARN_EMPTY_BODY = YES;
				CLANG_WARN_ENUM_CONVERSION = YES;
				CLANG_WARN_INFINITE_RECURSION = YES;
				CLANG_WARN_INT_CONVERSION = YES;
				CLANG_WARN_NON_LITERAL_NULL_CONVERSION = YES;
				CLANG_WARN_OBJC_IMPLICIT_RETAIN_SELF = YES;
				CLANG_WARN_OBJC_LITERAL_CONVERSION = YES;
				CLANG_WARN_OBJC_ROOT_CLASS = YES_ERROR;
				CLANG_WARN_QUOTED_INCLUDE_IN_FRAMEWORK_HEADER = YES;
				CLANG_WARN_RANGE_LOOP_ANALYSIS = YES;
				CLANG_WARN_STRICT_PROTOTYPES = YES;
				CLANG_WARN_SUSPICIOUS_MOVE = YES;
				CLANG_WARN_UNGUARDED_AVAILABILITY = YES_AGGRESSIVE;
				CLANG_WARN_UNREACHABLE_CODE = YES;
				CLANG_WARN__DUPLICATE_METHOD_MATCH = YES;
				COPY_PHASE_STRIP = NO;
				DEBUG_INFORMATION_FORMAT = dwarf;
				ENABLE_STRICT_OBJC_MSGSEND = YES;
				ENABLE_TESTABILITY = YES;
				GCC_C_LANGUAGE_STANDARD = gnu11;
				GCC_DYNAMIC_NO_PIC = NO;
				GCC_NO_COMMON_BLOCKS = YES;
				GCC_OPTIMIZATION_LEVEL = 0;
				GCC_PREPROCESSOR_DEFINITIONS = (
					"DEBUG=1",
					"$(inherited)",
				);
				GCC_WARN_64_TO_32_BIT_CONVERSION = YES;
				GCC_WARN_ABOUT_RETURN_TYPE = YES_ERROR;
				GCC_WARN_UNDECLARED_SELECTOR = YES;
				GCC_WARN_UNINITIALIZED_AUTOS = YES_AGGRESSIVE;
				GCC_WARN_UNUSED_FUNCTION = YES;
				GCC_WARN_UNUSED_VARIABLE = YES;
				IPHONEOS_DEPLOYMENT_TARGET = 16.2;
				MTL_ENABLE_DEBUG_INFO = INCLUDE_SOURCE;
				MTL_FAST_MATH = YES;
				ONLY_ACTIVE_ARCH = YES;
				SDKROOT = iphoneos;
				SWIFT_ACTIVE_COMPILATION_CONDITIONS = DEBUG;
				SWIFT_OPTIMIZATION_LEVEL = "-Onone";
			};
			name = Debug;
		};
		663BCA8229D1C12A00155B51 /* Release */ = {
			isa = XCBuildConfiguration;
			buildSettings = {
				ALWAYS_SEARCH_USER_PATHS = NO;
				CLANG_ANALYZER_NONNULL = YES;
				CLANG_ANALYZER_NUMBER_OBJECT_CONVERSION = YES_AGGRESSIVE;
				CLANG_CXX_LANGUAGE_STANDARD = "gnu++20";
				CLANG_ENABLE_MODULES = YES;
				CLANG_ENABLE_OBJC_ARC = YES;
				CLANG_ENABLE_OBJC_WEAK = YES;
				CLANG_WARN_BLOCK_CAPTURE_AUTORELEASING = YES;
				CLANG_WARN_BOOL_CONVERSION = YES;
				CLANG_WARN_COMMA = YES;
				CLANG_WARN_CONSTANT_CONVERSION = YES;
				CLANG_WARN_DEPRECATED_OBJC_IMPLEMENTATIONS = YES;
				CLANG_WARN_DIRECT_OBJC_ISA_USAGE = YES_ERROR;
				CLANG_WARN_DOCUMENTATION_COMMENTS = YES;
				CLANG_WARN_EMPTY_BODY = YES;
				CLANG_WARN_ENUM_CONVERSION = YES;
				CLANG_WARN_INFINITE_RECURSION = YES;
				CLANG_WARN_INT_CONVERSION = YES;
				CLANG_WARN_NON_LITERAL_NULL_CONVERSION = YES;
				CLANG_WARN_OBJC_IMPLICIT_RETAIN_SELF = YES;
				CLANG_WARN_OBJC_LITERAL_CONVERSION = YES;
				CLANG_WARN_OBJC_ROOT_CLASS = YES_ERROR;
				CLANG_WARN_QUOTED_INCLUDE_IN_FRAMEWORK_HEADER = YES;
				CLANG_WARN_RANGE_LOOP_ANALYSIS = YES;
				CLANG_WARN_STRICT_PROTOTYPES = YES;
				CLANG_WARN_SUSPICIOUS_MOVE = YES;
				CLANG_WARN_UNGUARDED_AVAILABILITY = YES_AGGRESSIVE;
				CLANG_WARN_UNREACHABLE_CODE = YES;
				CLANG_WARN__DUPLICATE_METHOD_MATCH = YES;
				COPY_PHASE_STRIP = NO;
				DEBUG_INFORMATION_FORMAT = "dwarf-with-dsym";
				ENABLE_NS_ASSERTIONS = NO;
				ENABLE_STRICT_OBJC_MSGSEND = YES;
				GCC_C_LANGUAGE_STANDARD = gnu11;
				GCC_NO_COMMON_BLOCKS = YES;
				GCC_WARN_64_TO_32_BIT_CONVERSION = YES;
				GCC_WARN_ABOUT_RETURN_TYPE = YES_ERROR;
				GCC_WARN_UNDECLARED_SELECTOR = YES;
				GCC_WARN_UNINITIALIZED_AUTOS = YES_AGGRESSIVE;
				GCC_WARN_UNUSED_FUNCTION = YES;
				GCC_WARN_UNUSED_VARIABLE = YES;
				IPHONEOS_DEPLOYMENT_TARGET = 16.2;
				MTL_ENABLE_DEBUG_INFO = NO;
				MTL_FAST_MATH = YES;
				SDKROOT = iphoneos;
				SWIFT_COMPILATION_MODE = wholemodule;
				SWIFT_OPTIMIZATION_LEVEL = "-O";
				VALIDATE_PRODUCT = YES;
			};
			name = Release;
		};
		663BCA8429D1C12A00155B51 /* Debug */ = {
			isa = XCBuildConfiguration;
			buildSettings = {
				ASSETCATALOG_COMPILER_APPICON_NAME = AppIcon;
				ASSETCATALOG_COMPILER_GLOBAL_ACCENT_COLOR_NAME = AccentColor;
				CODE_SIGN_STYLE = Automatic;
				CURRENT_PROJECT_VERSION = 1;
				GENERATE_INFOPLIST_FILE = YES;
				INFOPLIST_FILE = Note2App/Info.plist;
				INFOPLIST_KEY_UIApplicationSupportsIndirectInputEvents = YES;
				INFOPLIST_KEY_UILaunchStoryboardName = LaunchScreen;
				INFOPLIST_KEY_UIMainStoryboardFile = Main;
				INFOPLIST_KEY_UISupportedInterfaceOrientations_iPad = "UIInterfaceOrientationPortrait UIInterfaceOrientationPortraitUpsideDown UIInterfaceOrientationLandscapeLeft UIInterfaceOrientationLandscapeRight";
				INFOPLIST_KEY_UISupportedInterfaceOrientations_iPhone = "UIInterfaceOrientationPortrait UIInterfaceOrientationLandscapeLeft UIInterfaceOrientationLandscapeRight";
				LD_RUNPATH_SEARCH_PATHS = (
					"$(inherited)",
					"@executable_path/Frameworks",
				);
				MARKETING_VERSION = 1.0;
				PRODUCT_BUNDLE_IDENTIFIER = com.mohamedshehata.Note2App;
				PRODUCT_NAME = "$(TARGET_NAME)";
				SWIFT_EMIT_LOC_STRINGS = YES;
				SWIFT_VERSION = 5.0;
				TARGETED_DEVICE_FAMILY = "1,2";
			};
			name = Debug;
		};
		663BCA8529D1C12A00155B51 /* Release */ = {
			isa = XCBuildConfiguration;
			buildSettings = {
				ASSETCATALOG_COMPILER_APPICON_NAME = AppIcon;
				ASSETCATALOG_COMPILER_GLOBAL_ACCENT_COLOR_NAME = AccentColor;
				CODE_SIGN_STYLE = Automatic;
				CURRENT_PROJECT_VERSION = 1;
				GENERATE_INFOPLIST_FILE = YES;
				INFOPLIST_FILE = Note2App/Info.plist;
				INFOPLIST_KEY_UIApplicationSupportsIndirectInputEvents = YES;
				INFOPLIST_KEY_UILaunchStoryboardName = LaunchScreen;
				INFOPLIST_KEY_UIMainStoryboardFile = Main;
				INFOPLIST_KEY_UISupportedInterfaceOrientations_iPad = "UIInterfaceOrientationPortrait UIInterfaceOrientationPortraitUpsideDown UIInterfaceOrientationLandscapeLeft UIInterfaceOrientationLandscapeRight";
				INFOPLIST_KEY_UISupportedInterfaceOrientations_iPhone = "UIInterfaceOrientationPortrait UIInterfaceOrientationLandscapeLeft UIInterfaceOrientationLandscapeRight";
				LD_RUNPATH_SEARCH_PATHS = (
					"$(inherited)",
					"@executable_path/Frameworks",
				);
				MARKETING_VERSION = 1.0;
				PRODUCT_BUNDLE_IDENTIFIER = com.mohamedshehata.Note2App;
				PRODUCT_NAME = "$(TARGET_NAME)";
				SWIFT_EMIT_LOC_STRINGS = YES;
				SWIFT_VERSION = 5.0;
				TARGETED_DEVICE_FAMILY = "1,2";
			};
			name = Release;
		};
/* End XCBuildConfiguration section */

/* Begin XCConfigurationList section */
		663BCA6729D1C12800155B51 /* Build configuration list for PBXProject "Note2App" */ = {
			isa = XCConfigurationList;
			buildConfigurations = (
				663BCA8129D1C12A00155B51 /* Debug */,
				663BCA8229D1C12A00155B51 /* Release */,
			);
			defaultConfigurationIsVisible = 0;
			defaultConfigurationName = Release;
		};
		663BCA8329D1C12A00155B51 /* Build configuration list for PBXNativeTarget "Note2App" */ = {
			isa = XCConfigurationList;
			buildConfigurations = (
				663BCA8429D1C12A00155B51 /* Debug */,
				663BCA8529D1C12A00155B51 /* Release */,
			);
			defaultConfigurationIsVisible = 0;
			defaultConfigurationName = Release;
		};
/* End XCConfigurationList section */

/* Begin XCVersionGroup section */
		663BCA7829D1C12800155B51 /* Note2App.xcdatamodeld */ = {
			isa = XCVersionGroup;
			children = (
				663BCA7929D1C12800155B51 /* Note2App.xcdatamodel */,
			);
			currentVersion = 663BCA7929D1C12800155B51 /* Note2App.xcdatamodel */;
			path = Note2App.xcdatamodeld;
			sourceTree = "<group>";
			versionGroupType = wrapper.xcdatamodel;
		};
/* End XCVersionGroup section */
	};
	rootObject = 663BCA6429D1C12800155B51 /* Project object */;
}
