// !$*UTF8*$!
{
	archiveVersion = 1;
	classes = {
	};
	objectVersion = 56;
	objects = {

/* Begin PBXBuildFile section */
		6679D52529C315B000EFC21D /* AppDelegate.swift in Sources */ = {isa = PBXBuildFile; fileRef = 6679D52429C315B000EFC21D /* AppDelegate.swift */; };
		6679D52729C315B000EFC21D /* SceneDelegate.swift in Sources */ = {isa = PBXBuildFile; fileRef = 6679D52629C315B000EFC21D /* SceneDelegate.swift */; };
		6679D52929C315B000EFC21D /* ViewController.swift in Sources */ = {isa = PBXBuildFile; fileRef = 6679D52829C315B000EFC21D /* ViewController.swift */; };
		6679D52C29C315B000EFC21D /* Main.storyboard in Resources */ = {isa = PBXBuildFile; fileRef = 6679D52A29C315B000EFC21D /* Main.storyboard */; };
		6679D52E29C315B100EFC21D /* Assets.xcassets in Resources */ = {isa = PBXBuildFile; fileRef = 6679D52D29C315B100EFC21D /* Assets.xcassets */; };
		6679D53129C315B100EFC21D /* LaunchScreen.storyboard in Resources */ = {isa = PBXBuildFile; fileRef = 6679D52F29C315B100EFC21D /* LaunchScreen.storyboard */; };
		6679D53C29C315B100EFC21D /* TableViewTests.swift in Sources */ = {isa = PBXBuildFile; fileRef = 6679D53B29C315B100EFC21D /* TableViewTests.swift */; };
		6679D54629C315B100EFC21D /* TableViewUITests.swift in Sources */ = {isa = PBXBuildFile; fileRef = 6679D54529C315B100EFC21D /* TableViewUITests.swift */; };
		6679D54829C315B100EFC21D /* TableViewUITestsLaunchTests.swift in Sources */ = {isa = PBXBuildFile; fileRef = 6679D54729C315B100EFC21D /* TableViewUITestsLaunchTests.swift */; };
		6679D59329C32BC400EFC21D /* StudentViewController.swift in Sources */ = {isa = PBXBuildFile; fileRef = 6679D59229C32BC400EFC21D /* StudentViewController.swift */; };
		6679D59529C3309500EFC21D /* StudentTableViewCell.swift in Sources */ = {isa = PBXBuildFile; fileRef = 6679D59429C3309500EFC21D /* StudentTableViewCell.swift */; };
		6679D59729C331B400EFC21D /* ProductTableViewCell.swift in Sources */ = {isa = PBXBuildFile; fileRef = 6679D59629C331B400EFC21D /* ProductTableViewCell.swift */; };
/* End PBXBuildFile section */

/* Begin PBXContainerItemProxy section */
		6679D53829C315B100EFC21D /* PBXContainerItemProxy */ = {
			isa = PBXContainerItemProxy;
			containerPortal = 6679D51929C315B000EFC21D /* Project object */;
			proxyType = 1;
			remoteGlobalIDString = 6679D52029C315B000EFC21D;
			remoteInfo = TableView;
		};
		6679D54229C315B100EFC21D /* PBXContainerItemProxy */ = {
			isa = PBXContainerItemProxy;
			containerPortal = 6679D51929C315B000EFC21D /* Project object */;
			proxyType = 1;
			remoteGlobalIDString = 6679D52029C315B000EFC21D;
			remoteInfo = TableView;
		};
/* End PBXContainerItemProxy section */

/* Begin PBXFileReference section */
		6679D52129C315B000EFC21D /* TableView.app */ = {isa = PBXFileReference; explicitFileType = wrapper.application; includeInIndex = 0; path = TableView.app; sourceTree = BUILT_PRODUCTS_DIR; };
		6679D52429C315B000EFC21D /* AppDelegate.swift */ = {isa = PBXFileReference; lastKnownFileType = sourcecode.swift; path = AppDelegate.swift; sourceTree = "<group>"; };
		6679D52629C315B000EFC21D /* SceneDelegate.swift */ = {isa = PBXFileReference; lastKnownFileType = sourcecode.swift; path = SceneDelegate.swift; sourceTree = "<group>"; };
		6679D52829C315B000EFC21D /* ViewController.swift */ = {isa = PBXFileReference; lastKnownFileType = sourcecode.swift; path = ViewController.swift; sourceTree = "<group>"; };
		6679D52B29C315B000EFC21D /* Base */ = {isa = PBXFileReference; lastKnownFileType = file.storyboard; name = Base; path = Base.lproj/Main.storyboard; sourceTree = "<group>"; };
		6679D52D29C315B100EFC21D /* Assets.xcassets */ = {isa = PBXFileReference; lastKnownFileType = folder.assetcatalog; path = Assets.xcassets; sourceTree = "<group>"; };
		6679D53029C315B100EFC21D /* Base */ = {isa = PBXFileReference; lastKnownFileType = file.storyboard; name = Base; path = Base.lproj/LaunchScreen.storyboard; sourceTree = "<group>"; };
		6679D53229C315B100EFC21D /* Info.plist */ = {isa = PBXFileReference; lastKnownFileType = text.plist.xml; path = Info.plist; sourceTree = "<group>"; };
		6679D53729C315B100EFC21D /* TableViewTests.xctest */ = {isa = PBXFileReference; explicitFileType = wrapper.cfbundle; includeInIndex = 0; path = TableViewTests.xctest; sourceTree = BUILT_PRODUCTS_DIR; };
		6679D53B29C315B100EFC21D /* TableViewTests.swift */ = {isa = PBXFileReference; lastKnownFileType = sourcecode.swift; path = TableViewTests.swift; sourceTree = "<group>"; };
		6679D54129C315B100EFC21D /* TableViewUITests.xctest */ = {isa = PBXFileReference; explicitFileType = wrapper.cfbundle; includeInIndex = 0; path = TableViewUITests.xctest; sourceTree = BUILT_PRODUCTS_DIR; };
		6679D54529C315B100EFC21D /* TableViewUITests.swift */ = {isa = PBXFileReference; lastKnownFileType = sourcecode.swift; path = TableViewUITests.swift; sourceTree = "<group>"; };
		6679D54729C315B100EFC21D /* TableViewUITestsLaunchTests.swift */ = {isa = PBXFileReference; lastKnownFileType = sourcecode.swift; path = TableViewUITestsLaunchTests.swift; sourceTree = "<group>"; };
		6679D59229C32BC400EFC21D /* StudentViewController.swift */ = {isa = PBXFileReference; lastKnownFileType = sourcecode.swift; path = StudentViewController.swift; sourceTree = "<group>"; };
		6679D59429C3309500EFC21D /* StudentTableViewCell.swift */ = {isa = PBXFileReference; lastKnownFileType = sourcecode.swift; path = StudentTableViewCell.swift; sourceTree = "<group>"; };
		6679D59629C331B400EFC21D /* ProductTableViewCell.swift */ = {isa = PBXFileReference; lastKnownFileType = sourcecode.swift; path = ProductTableViewCell.swift; sourceTree = "<group>"; };
/* End PBXFileReference section */

/* Begin PBXFrameworksBuildPhase section */
		6679D51E29C315B000EFC21D /* Frameworks */ = {
			isa = PBXFrameworksBuildPhase;
			buildActionMask = 2147483647;
			files = (
			);
			runOnlyForDeploymentPostprocessing = 0;
		};
		6679D53429C315B100EFC21D /* Frameworks */ = {
			isa = PBXFrameworksBuildPhase;
			buildActionMask = 2147483647;
			files = (
			);
			runOnlyForDeploymentPostprocessing = 0;
		};
		6679D53E29C315B100EFC21D /* Frameworks */ = {
			isa = PBXFrameworksBuildPhase;
			buildActionMask = 2147483647;
			files = (
			);
			runOnlyForDeploymentPostprocessing = 0;
		};
/* End PBXFrameworksBuildPhase section */

/* Begin PBXGroup section */
		6679D51829C315B000EFC21D = {
			isa = PBXGroup;
			children = (
				6679D52329C315B000EFC21D /* TableView */,
				6679D53A29C315B100EFC21D /* TableViewTests */,
				6679D54429C315B100EFC21D /* TableViewUITests */,
				6679D52229C315B000EFC21D /* Products */,
			);
			sourceTree = "<group>";
		};
		6679D52229C315B000EFC21D /* Products */ = {
			isa = PBXGroup;
			children = (
				6679D52129C315B000EFC21D /* TableView.app */,
				6679D53729C315B100EFC21D /* TableViewTests.xctest */,
				6679D54129C315B100EFC21D /* TableViewUITests.xctest */,
			);
			name = Products;
			sourceTree = "<group>";
		};
		6679D52329C315B000EFC21D /* TableView */ = {
			isa = PBXGroup;
			children = (
				6679D52429C315B000EFC21D /* AppDelegate.swift */,
				6679D52629C315B000EFC21D /* SceneDelegate.swift */,
				6679D52829C315B000EFC21D /* ViewController.swift */,
				6679D52A29C315B000EFC21D /* Main.storyboard */,
				6679D52D29C315B100EFC21D /* Assets.xcassets */,
				6679D52F29C315B100EFC21D /* LaunchScreen.storyboard */,
				6679D53229C315B100EFC21D /* Info.plist */,
				6679D59229C32BC400EFC21D /* StudentViewController.swift */,
				6679D59429C3309500EFC21D /* StudentTableViewCell.swift */,
				6679D59629C331B400EFC21D /* ProductTableViewCell.swift */,
			);
			path = TableView;
			sourceTree = "<group>";
		};
		6679D53A29C315B100EFC21D /* TableViewTests */ = {
			isa = PBXGroup;
			children = (
				6679D53B29C315B100EFC21D /* TableViewTests.swift */,
			);
			path = TableViewTests;
			sourceTree = "<group>";
		};
		6679D54429C315B100EFC21D /* TableViewUITests */ = {
			isa = PBXGroup;
			children = (
				6679D54529C315B100EFC21D /* TableViewUITests.swift */,
				6679D54729C315B100EFC21D /* TableViewUITestsLaunchTests.swift */,
			);
			path = TableViewUITests;
			sourceTree = "<group>";
		};
/* End PBXGroup section */

/* Begin PBXNativeTarget section */
		6679D52029C315B000EFC21D /* TableView */ = {
			isa = PBXNativeTarget;
			buildConfigurationList = 6679D54B29C315B100EFC21D /* Build configuration list for PBXNativeTarget "TableView" */;
			buildPhases = (
				6679D51D29C315B000EFC21D /* Sources */,
				6679D51E29C315B000EFC21D /* Frameworks */,
				6679D51F29C315B000EFC21D /* Resources */,
			);
			buildRules = (
			);
			dependencies = (
			);
			name = TableView;
			productName = TableView;
			productReference = 6679D52129C315B000EFC21D /* TableView.app */;
			productType = "com.apple.product-type.application";
		};
		6679D53629C315B100EFC21D /* TableViewTests */ = {
			isa = PBXNativeTarget;
			buildConfigurationList = 6679D54E29C315B100EFC21D /* Build configuration list for PBXNativeTarget "TableViewTests" */;
			buildPhases = (
				6679D53329C315B100EFC21D /* Sources */,
				6679D53429C315B100EFC21D /* Frameworks */,
				6679D53529C315B100EFC21D /* Resources */,
			);
			buildRules = (
			);
			dependencies = (
				6679D53929C315B100EFC21D /* PBXTargetDependency */,
			);
			name = TableViewTests;
			productName = TableViewTests;
			productReference = 6679D53729C315B100EFC21D /* TableViewTests.xctest */;
			productType = "com.apple.product-type.bundle.unit-test";
		};
		6679D54029C315B100EFC21D /* TableViewUITests */ = {
			isa = PBXNativeTarget;
			buildConfigurationList = 6679D55129C315B100EFC21D /* Build configuration list for PBXNativeTarget "TableViewUITests" */;
			buildPhases = (
				6679D53D29C315B100EFC21D /* Sources */,
				6679D53E29C315B100EFC21D /* Frameworks */,
				6679D53F29C315B100EFC21D /* Resources */,
			);
			buildRules = (
			);
			dependencies = (
				6679D54329C315B100EFC21D /* PBXTargetDependency */,
			);
			name = TableViewUITests;
			productName = TableViewUITests;
			productReference = 6679D54129C315B100EFC21D /* TableViewUITests.xctest */;
			productType = "com.apple.product-type.bundle.ui-testing";
		};
/* End PBXNativeTarget section */

/* Begin PBXProject section */
		6679D51929C315B000EFC21D /* Project object */ = {
			isa = PBXProject;
			attributes = {
				BuildIndependentTargetsInParallel = 1;
				LastSwiftUpdateCheck = 1420;
				LastUpgradeCheck = 1420;
				TargetAttributes = {
					6679D52029C315B000EFC21D = {
						CreatedOnToolsVersion = 14.2;
					};
					6679D53629C315B100EFC21D = {
						CreatedOnToolsVersion = 14.2;
						TestTargetID = 6679D52029C315B000EFC21D;
					};
					6679D54029C315B100EFC21D = {
						CreatedOnToolsVersion = 14.2;
						TestTargetID = 6679D52029C315B000EFC21D;
					};
				};
			};
			buildConfigurationList = 6679D51C29C315B000EFC21D /* Build configuration list for PBXProject "TableView" */;
			compatibilityVersion = "Xcode 14.0";
			developmentRegion = en;
			hasScannedForEncodings = 0;
			knownRegions = (
				en,
				Base,
			);
			mainGroup = 6679D51829C315B000EFC21D;
			productRefGroup = 6679D52229C315B000EFC21D /* Products */;
			projectDirPath = "";
			projectRoot = "";
			targets = (
				6679D52029C315B000EFC21D /* TableView */,
				6679D53629C315B100EFC21D /* TableViewTests */,
				6679D54029C315B100EFC21D /* TableViewUITests */,
			);
		};
/* End PBXProject section */

/* Begin PBXResourcesBuildPhase section */
		6679D51F29C315B000EFC21D /* Resources */ = {
			isa = PBXResourcesBuildPhase;
			buildActionMask = 2147483647;
			files = (
				6679D53129C315B100EFC21D /* LaunchScreen.storyboard in Resources */,
				6679D52E29C315B100EFC21D /* Assets.xcassets in Resources */,
				6679D52C29C315B000EFC21D /* Main.storyboard in Resources */,
			);
			runOnlyForDeploymentPostprocessing = 0;
		};
		6679D53529C315B100EFC21D /* Resources */ = {
			isa = PBXResourcesBuildPhase;
			buildActionMask = 2147483647;
			files = (
			);
			runOnlyForDeploymentPostprocessing = 0;
		};
		6679D53F29C315B100EFC21D /* Resources */ = {
			isa = PBXResourcesBuildPhase;
			buildActionMask = 2147483647;
			files = (
			);
			runOnlyForDeploymentPostprocessing = 0;
		};
/* End PBXResourcesBuildPhase section */

/* Begin PBXSourcesBuildPhase section */
		6679D51D29C315B000EFC21D /* Sources */ = {
			isa = PBXSourcesBuildPhase;
			buildActionMask = 2147483647;
			files = (
				6679D59329C32BC400EFC21D /* StudentViewController.swift in Sources */,
				6679D59529C3309500EFC21D /* StudentTableViewCell.swift in Sources */,
				6679D52929C315B000EFC21D /* ViewController.swift in Sources */,
				6679D52529C315B000EFC21D /* AppDelegate.swift in Sources */,
				6679D52729C315B000EFC21D /* SceneDelegate.swift in Sources */,
				6679D59729C331B400EFC21D /* ProductTableViewCell.swift in Sources */,
			);
			runOnlyForDeploymentPostprocessing = 0;
		};
		6679D53329C315B100EFC21D /* Sources */ = {
			isa = PBXSourcesBuildPhase;
			buildActionMask = 2147483647;
			files = (
				6679D53C29C315B100EFC21D /* TableViewTests.swift in Sources */,
			);
			runOnlyForDeploymentPostprocessing = 0;
		};
		6679D53D29C315B100EFC21D /* Sources */ = {
			isa = PBXSourcesBuildPhase;
			buildActionMask = 2147483647;
			files = (
				6679D54829C315B100EFC21D /* TableViewUITestsLaunchTests.swift in Sources */,
				6679D54629C315B100EFC21D /* TableViewUITests.swift in Sources */,
			);
			runOnlyForDeploymentPostprocessing = 0;
		};
/* End PBXSourcesBuildPhase section */

/* Begin PBXTargetDependency section */
		6679D53929C315B100EFC21D /* PBXTargetDependency */ = {
			isa = PBXTargetDependency;
			target = 6679D52029C315B000EFC21D /* TableView */;
			targetProxy = 6679D53829C315B100EFC21D /* PBXContainerItemProxy */;
		};
		6679D54329C315B100EFC21D /* PBXTargetDependency */ = {
			isa = PBXTargetDependency;
			target = 6679D52029C315B000EFC21D /* TableView */;
			targetProxy = 6679D54229C315B100EFC21D /* PBXContainerItemProxy */;
		};
/* End PBXTargetDependency section */

/* Begin PBXVariantGroup section */
		6679D52A29C315B000EFC21D /* Main.storyboard */ = {
			isa = PBXVariantGroup;
			children = (
				6679D52B29C315B000EFC21D /* Base */,
			);
			name = Main.storyboard;
			sourceTree = "<group>";
		};
		6679D52F29C315B100EFC21D /* LaunchScreen.storyboard */ = {
			isa = PBXVariantGroup;
			children = (
				6679D53029C315B100EFC21D /* Base */,
			);
			name = LaunchScreen.storyboard;
			sourceTree = "<group>";
		};
/* End PBXVariantGroup section */

/* Begin XCBuildConfiguration section */
		6679D54929C315B100EFC21D /* Debug */ = {
			isa = XCBuildConfiguration;
			buildSettings = {
				ALWAYS_SEARCH_USER_PATHS = NO;
				CLANG_ANALYZER_NONNULL = YES;
				CLANG_ANALYZER_NUMBER_OBJECT_CONVERSION = YES_AGGRESSIVE;
				CLANG_CXX_LANGUAGE_STANDARD = "gnu++20";
				CLANG_ENABLE_MODULES = YES;
				CLANG_ENABLE_OBJC_ARC = YES;
				CLANG_ENABLE_OBJC_WEAK = YES;
				CLANG_WARN_BLOCK_CAPTURE_AUTORELEASING = YES;
				CLANG_WARN_BOOL_CONVERSION = YES;
				CLANG_WARN_COMMA = YES;
				CLANG_WARN_CONSTANT_CONVERSION = YES;
				CLANG_WARN_DEPRECATED_OBJC_IMPLEMENTATIONS = YES;
				CLANG_WARN_DIRECT_OBJC_ISA_USAGE = YES_ERROR;
				CLANG_WARN_DOCUMENTATION_COMMENTS = YES;
				CLANG_WARN_EMPTY_BODY = YES;
				CLANG_WARN_ENUM_CONVERSION = YES;
				CLANG_WARN_INFINITE_RECURSION = YES;
				CLANG_WARN_INT_CONVERSION = YES;
				CLANG_WARN_NON_LITERAL_NULL_CONVERSION = YES;
				CLANG_WARN_OBJC_IMPLICIT_RETAIN_SELF = YES;
				CLANG_WARN_OBJC_LITERAL_CONVERSION = YES;
				CLANG_WARN_OBJC_ROOT_CLASS = YES_ERROR;
				CLANG_WARN_QUOTED_INCLUDE_IN_FRAMEWORK_HEADER = YES;
				CLANG_WARN_RANGE_LOOP_ANALYSIS = YES;
				CLANG_WARN_STRICT_PROTOTYPES = YES;
				CLANG_WARN_SUSPICIOUS_MOVE = YES;
				CLANG_WARN_UNGUARDED_AVAILABILITY = YES_AGGRESSIVE;
				CLANG_WARN_UNREACHABLE_CODE = YES;
				CLANG_WARN__DUPLICATE_METHOD_MATCH = YES;
				COPY_PHASE_STRIP = NO;
				DEBUG_INFORMATION_FORMAT = dwarf;
				ENABLE_STRICT_OBJC_MSGSEND = YES;
				ENABLE_TESTABILITY = YES;
				GCC_C_LANGUAGE_STANDARD = gnu11;
				GCC_DYNAMIC_NO_PIC = NO;
				GCC_NO_COMMON_BLOCKS = YES;
				GCC_OPTIMIZATION_LEVEL = 0;
				GCC_PREPROCESSOR_DEFINITIONS = (
					"DEBUG=1",
					"$(inherited)",
				);
				GCC_WARN_64_TO_32_BIT_CONVERSION = YES;
				GCC_WARN_ABOUT_RETURN_TYPE = YES_ERROR;
				GCC_WARN_UNDECLARED_SELECTOR = YES;
				GCC_WARN_UNINITIALIZED_AUTOS = YES_AGGRESSIVE;
				GCC_WARN_UNUSED_FUNCTION = YES;
				GCC_WARN_UNUSED_VARIABLE = YES;
				IPHONEOS_DEPLOYMENT_TARGET = 16.2;
				MTL_ENABLE_DEBUG_INFO = INCLUDE_SOURCE;
				MTL_FAST_MATH = YES;
				ONLY_ACTIVE_ARCH = YES;
				SDKROOT = iphoneos;
				SWIFT_ACTIVE_COMPILATION_CONDITIONS = DEBUG;
				SWIFT_OPTIMIZATION_LEVEL = "-Onone";
			};
			name = Debug;
		};
		6679D54A29C315B100EFC21D /* Release */ = {
			isa = XCBuildConfiguration;
			buildSettings = {
				ALWAYS_SEARCH_USER_PATHS = NO;
				CLANG_ANALYZER_NONNULL = YES;
				CLANG_ANALYZER_NUMBER_OBJECT_CONVERSION = YES_AGGRESSIVE;
				CLANG_CXX_LANGUAGE_STANDARD = "gnu++20";
				CLANG_ENABLE_MODULES = YES;
				CLANG_ENABLE_OBJC_ARC = YES;
				CLANG_ENABLE_OBJC_WEAK = YES;
				CLANG_WARN_BLOCK_CAPTURE_AUTORELEASING = YES;
				CLANG_WARN_BOOL_CONVERSION = YES;
				CLANG_WARN_COMMA = YES;
				CLANG_WARN_CONSTANT_CONVERSION = YES;
				CLANG_WARN_DEPRECATED_OBJC_IMPLEMENTATIONS = YES;
				CLANG_WARN_DIRECT_OBJC_ISA_USAGE = YES_ERROR;
				CLANG_WARN_DOCUMENTATION_COMMENTS = YES;
				CLANG_WARN_EMPTY_BODY = YES;
				CLANG_WARN_ENUM_CONVERSION = YES;
				CLANG_WARN_INFINITE_RECURSION = YES;
				CLANG_WARN_INT_CONVERSION = YES;
				CLANG_WARN_NON_LITERAL_NULL_CONVERSION = YES;
				CLANG_WARN_OBJC_IMPLICIT_RETAIN_SELF = YES;
				CLANG_WARN_OBJC_LITERAL_CONVERSION = YES;
				CLANG_WARN_OBJC_ROOT_CLASS = YES_ERROR;
				CLANG_WARN_QUOTED_INCLUDE_IN_FRAMEWORK_HEADER = YES;
				CLANG_WARN_RANGE_LOOP_ANALYSIS = YES;
				CLANG_WARN_STRICT_PROTOTYPES = YES;
				CLANG_WARN_SUSPICIOUS_MOVE = YES;
				CLANG_WARN_UNGUARDED_AVAILABILITY = YES_AGGRESSIVE;
				CLANG_WARN_UNREACHABLE_CODE = YES;
				CLANG_WARN__DUPLICATE_METHOD_MATCH = YES;
				COPY_PHASE_STRIP = NO;
				DEBUG_INFORMATION_FORMAT = "dwarf-with-dsym";
				ENABLE_NS_ASSERTIONS = NO;
				ENABLE_STRICT_OBJC_MSGSEND = YES;
				GCC_C_LANGUAGE_STANDARD = gnu11;
				GCC_NO_COMMON_BLOCKS = YES;
				GCC_WARN_64_TO_32_BIT_CONVERSION = YES;
				GCC_WARN_ABOUT_RETURN_TYPE = YES_ERROR;
				GCC_WARN_UNDECLARED_SELECTOR = YES;
				GCC_WARN_UNINITIALIZED_AUTOS = YES_AGGRESSIVE;
				GCC_WARN_UNUSED_FUNCTION = YES;
				GCC_WARN_UNUSED_VARIABLE = YES;
				IPHONEOS_DEPLOYMENT_TARGET = 16.2;
				MTL_ENABLE_DEBUG_INFO = NO;
				MTL_FAST_MATH = YES;
				SDKROOT = iphoneos;
				SWIFT_COMPILATION_MODE = wholemodule;
				SWIFT_OPTIMIZATION_LEVEL = "-O";
				VALIDATE_PRODUCT = YES;
			};
			name = Release;
		};
		6679D54C29C315B100EFC21D /* Debug */ = {
			isa = XCBuildConfiguration;
			buildSettings = {
				ASSETCATALOG_COMPILER_APPICON_NAME = AppIcon;
				ASSETCATALOG_COMPILER_GLOBAL_ACCENT_COLOR_NAME = AccentColor;
				CODE_SIGN_STYLE = Automatic;
				CURRENT_PROJECT_VERSION = 1;
				GENERATE_INFOPLIST_FILE = YES;
				INFOPLIST_FILE = TableView/Info.plist;
				INFOPLIST_KEY_UIApplicationSupportsIndirectInputEvents = YES;
				INFOPLIST_KEY_UILaunchStoryboardName = LaunchScreen;
				INFOPLIST_KEY_UIMainStoryboardFile = Main;
				INFOPLIST_KEY_UISupportedInterfaceOrientations_iPad = "UIInterfaceOrientationPortrait UIInterfaceOrientationPortraitUpsideDown UIInterfaceOrientationLandscapeLeft UIInterfaceOrientationLandscapeRight";
				INFOPLIST_KEY_UISupportedInterfaceOrientations_iPhone = "UIInterfaceOrientationPortrait UIInterfaceOrientationLandscapeLeft UIInterfaceOrientationLandscapeRight";
				LD_RUNPATH_SEARCH_PATHS = (
					"$(inherited)",
					"@executable_path/Frameworks",
				);
				MARKETING_VERSION = 1.0;
				PRODUCT_BUNDLE_IDENTIFIER = com.mohamedshehata.TableView;
				PRODUCT_NAME = "$(TARGET_NAME)";
				SWIFT_EMIT_LOC_STRINGS = YES;
				SWIFT_VERSION = 5.0;
				TARGETED_DEVICE_FAMILY = "1,2";
			};
			name = Debug;
		};
		6679D54D29C315B100EFC21D /* Release */ = {
			isa = XCBuildConfiguration;
			buildSettings = {
				ASSETCATALOG_COMPILER_APPICON_NAME = AppIcon;
				ASSETCATALOG_COMPILER_GLOBAL_ACCENT_COLOR_NAME = AccentColor;
				CODE_SIGN_STYLE = Automatic;
				CURRENT_PROJECT_VERSION = 1;
				GENERATE_INFOPLIST_FILE = YES;
				INFOPLIST_FILE = TableView/Info.plist;
				INFOPLIST_KEY_UIApplicationSupportsIndirectInputEvents = YES;
				INFOPLIST_KEY_UILaunchStoryboardName = LaunchScreen;
				INFOPLIST_KEY_UIMainStoryboardFile = Main;
				INFOPLIST_KEY_UISupportedInterfaceOrientations_iPad = "UIInterfaceOrientationPortrait UIInterfaceOrientationPortraitUpsideDown UIInterfaceOrientationLandscapeLeft UIInterfaceOrientationLandscapeRight";
				INFOPLIST_KEY_UISupportedInterfaceOrientations_iPhone = "UIInterfaceOrientationPortrait UIInterfaceOrientationLandscapeLeft UIInterfaceOrientationLandscapeRight";
				LD_RUNPATH_SEARCH_PATHS = (
					"$(inherited)",
					"@executable_path/Frameworks",
				);
				MARKETING_VERSION = 1.0;
				PRODUCT_BUNDLE_IDENTIFIER = com.mohamedshehata.TableView;
				PRODUCT_NAME = "$(TARGET_NAME)";
				SWIFT_EMIT_LOC_STRINGS = YES;
				SWIFT_VERSION = 5.0;
				TARGETED_DEVICE_FAMILY = "1,2";
			};
			name = Release;
		};
		6679D54F29C315B100EFC21D /* Debug */ = {
			isa = XCBuildConfiguration;
			buildSettings = {
				ALWAYS_EMBED_SWIFT_STANDARD_LIBRARIES = YES;
				BUNDLE_LOADER = "$(TEST_HOST)";
				CODE_SIGN_STYLE = Automatic;
				CURRENT_PROJECT_VERSION = 1;
				GENERATE_INFOPLIST_FILE = YES;
				IPHONEOS_DEPLOYMENT_TARGET = 16.2;
				MARKETING_VERSION = 1.0;
				PRODUCT_BUNDLE_IDENTIFIER = com.mohamedshehata.TableViewTests;
				PRODUCT_NAME = "$(TARGET_NAME)";
				SWIFT_EMIT_LOC_STRINGS = NO;
				SWIFT_VERSION = 5.0;
				TARGETED_DEVICE_FAMILY = "1,2";
				TEST_HOST = "$(BUILT_PRODUCTS_DIR)/TableView.app/$(BUNDLE_EXECUTABLE_FOLDER_PATH)/TableView";
			};
			name = Debug;
		};
		6679D55029C315B100EFC21D /* Release */ = {
			isa = XCBuildConfiguration;
			buildSettings = {
				ALWAYS_EMBED_SWIFT_STANDARD_LIBRARIES = YES;
				BUNDLE_LOADER = "$(TEST_HOST)";
				CODE_SIGN_STYLE = Automatic;
				CURRENT_PROJECT_VERSION = 1;
				GENERATE_INFOPLIST_FILE = YES;
				IPHONEOS_DEPLOYMENT_TARGET = 16.2;
				MARKETING_VERSION = 1.0;
				PRODUCT_BUNDLE_IDENTIFIER = com.mohamedshehata.TableViewTests;
				PRODUCT_NAME = "$(TARGET_NAME)";
				SWIFT_EMIT_LOC_STRINGS = NO;
				SWIFT_VERSION = 5.0;
				TARGETED_DEVICE_FAMILY = "1,2";
				TEST_HOST = "$(BUILT_PRODUCTS_DIR)/TableView.app/$(BUNDLE_EXECUTABLE_FOLDER_PATH)/TableView";
			};
			name = Release;
		};
		6679D55229C315B100EFC21D /* Debug */ = {
			isa = XCBuildConfiguration;
			buildSettings = {
				ALWAYS_EMBED_SWIFT_STANDARD_LIBRARIES = YES;
				CODE_SIGN_STYLE = Automatic;
				CURRENT_PROJECT_VERSION = 1;
				GENERATE_INFOPLIST_FILE = YES;
				MARKETING_VERSION = 1.0;
				PRODUCT_BUNDLE_IDENTIFIER = com.mohamedshehata.TableViewUITests;
				PRODUCT_NAME = "$(TARGET_NAME)";
				SWIFT_EMIT_LOC_STRINGS = NO;
				SWIFT_VERSION = 5.0;
				TARGETED_DEVICE_FAMILY = "1,2";
				TEST_TARGET_NAME = TableView;
			};
			name = Debug;
		};
		6679D55329C315B100EFC21D /* Release */ = {
			isa = XCBuildConfiguration;
			buildSettings = {
				ALWAYS_EMBED_SWIFT_STANDARD_LIBRARIES = YES;
				CODE_SIGN_STYLE = Automatic;
				CURRENT_PROJECT_VERSION = 1;
				GENERATE_INFOPLIST_FILE = YES;
				MARKETING_VERSION = 1.0;
				PRODUCT_BUNDLE_IDENTIFIER = com.mohamedshehata.TableViewUITests;
				PRODUCT_NAME = "$(TARGET_NAME)";
				SWIFT_EMIT_LOC_STRINGS = NO;
				SWIFT_VERSION = 5.0;
				TARGETED_DEVICE_FAMILY = "1,2";
				TEST_TARGET_NAME = TableView;
			};
			name = Release;
		};
/* End XCBuildConfiguration section */

/* Begin XCConfigurationList section */
		6679D51C29C315B000EFC21D /* Build configuration list for PBXProject "TableView" */ = {
			isa = XCConfigurationList;
			buildConfigurations = (
				6679D54929C315B100EFC21D /* Debug */,
				6679D54A29C315B100EFC21D /* Release */,
			);
			defaultConfigurationIsVisible = 0;
			defaultConfigurationName = Release;
		};
		6679D54B29C315B100EFC21D /* Build configuration list for PBXNativeTarget "TableView" */ = {
			isa = XCConfigurationList;
			buildConfigurations = (
				6679D54C29C315B100EFC21D /* Debug */,
				6679D54D29C315B100EFC21D /* Release */,
			);
			defaultConfigurationIsVisible = 0;
			defaultConfigurationName = Release;
		};
		6679D54E29C315B100EFC21D /* Build configuration list for PBXNativeTarget "TableViewTests" */ = {
			isa = XCConfigurationList;
			buildConfigurations = (
				6679D54F29C315B100EFC21D /* Debug */,
				6679D55029C315B100EFC21D /* Release */,
			);
			defaultConfigurationIsVisible = 0;
			defaultConfigurationName = Release;
		};
		6679D55129C315B100EFC21D /* Build configuration list for PBXNativeTarget "TableViewUITests" */ = {
			isa = XCConfigurationList;
			buildConfigurations = (
				6679D55229C315B100EFC21D /* Debug */,
				6679D55329C315B100EFC21D /* Release */,
			);
			defaultConfigurationIsVisible = 0;
			defaultConfigurationName = Release;
		};
/* End XCConfigurationList section */
	};
	rootObject = 6679D51929C315B000EFC21D /* Project object */;
}
