{
  "pins" : [
    {
      "identity" : "nvactivityindicatorview",
      "kind" : "remoteSourceControl",
      "location" : "https://github.com/ninjaprox/NVActivityIndicatorView.git",
      "state" : {
        "revision" : "35182298f37d2add3f56f28b76d57eb9d78c4d7a",
        "version" : "5.0.0"
      }
    }
  ],
  "version" : 2
}
