// !$*UTF8*$!
{
	archiveVersion = 1;
	classes = {
	};
	objectVersion = 56;
	objects = {

/* Begin PBXBuildFile section */
		6679D56129C3240F00EFC21D /* AppDelegate.swift in Sources */ = {isa = PBXBuildFile; fileRef = 6679D56029C3240F00EFC21D /* AppDelegate.swift */; };
		6679D56329C3240F00EFC21D /* SceneDelegate.swift in Sources */ = {isa = PBXBuildFile; fileRef = 6679D56229C3240F00EFC21D /* SceneDelegate.swift */; };
		6679D56529C3240F00EFC21D /* ViewController.swift in Sources */ = {isa = PBXBuildFile; fileRef = 6679D56429C3240F00EFC21D /* ViewController.swift */; };
		6679D56829C3240F00EFC21D /* Main.storyboard in Resources */ = {isa = PBXBuildFile; fileRef = 6679D56629C3240F00EFC21D /* Main.storyboard */; };
		6679D56A29C3241000EFC21D /* Assets.xcassets in Resources */ = {isa = PBXBuildFile; fileRef = 6679D56929C3241000EFC21D /* Assets.xcassets */; };
		6679D56D29C3241000EFC21D /* LaunchScreen.storyboard in Resources */ = {isa = PBXBuildFile; fileRef = 6679D56B29C3241000EFC21D /* LaunchScreen.storyboard */; };
		6679D57829C3241100EFC21D /* productsAppTests.swift in Sources */ = {isa = PBXBuildFile; fileRef = 6679D57729C3241100EFC21D /* productsAppTests.swift */; };
		6679D58229C3241100EFC21D /* productsAppUITests.swift in Sources */ = {isa = PBXBuildFile; fileRef = 6679D58129C3241100EFC21D /* productsAppUITests.swift */; };
		6679D58429C3241100EFC21D /* productsAppUITestsLaunchTests.swift in Sources */ = {isa = PBXBuildFile; fileRef = 6679D58329C3241100EFC21D /* productsAppUITestsLaunchTests.swift */; };
		6679D59129C327A200EFC21D /* ProductTableViewCell.swift in Sources */ = {isa = PBXBuildFile; fileRef = 6679D59029C327A200EFC21D /* ProductTableViewCell.swift */; };
/* End PBXBuildFile section */

/* Begin PBXContainerItemProxy section */
		6679D57429C3241100EFC21D /* PBXContainerItemProxy */ = {
			isa = PBXContainerItemProxy;
			containerPortal = 6679D55529C3240F00EFC21D /* Project object */;
			proxyType = 1;
			remoteGlobalIDString = 6679D55C29C3240F00EFC21D;
			remoteInfo = productsApp;
		};
		6679D57E29C3241100EFC21D /* PBXContainerItemProxy */ = {
			isa = PBXContainerItemProxy;
			containerPortal = 6679D55529C3240F00EFC21D /* Project object */;
			proxyType = 1;
			remoteGlobalIDString = 6679D55C29C3240F00EFC21D;
			remoteInfo = productsApp;
		};
/* End PBXContainerItemProxy section */

/* Begin PBXFileReference section */
		6679D55D29C3240F00EFC21D /* productsApp.app */ = {isa = PBXFileReference; explicitFileType = wrapper.application; includeInIndex = 0; path = productsApp.app; sourceTree = BUILT_PRODUCTS_DIR; };
		6679D56029C3240F00EFC21D /* AppDelegate.swift */ = {isa = PBXFileReference; lastKnownFileType = sourcecode.swift; path = AppDelegate.swift; sourceTree = "<group>"; };
		6679D56229C3240F00EFC21D /* SceneDelegate.swift */ = {isa = PBXFileReference; lastKnownFileType = sourcecode.swift; path = SceneDelegate.swift; sourceTree = "<group>"; };
		6679D56429C3240F00EFC21D /* ViewController.swift */ = {isa = PBXFileReference; lastKnownFileType = sourcecode.swift; path = ViewController.swift; sourceTree = "<group>"; };
		6679D56729C3240F00EFC21D /* Base */ = {isa = PBXFileReference; lastKnownFileType = file.storyboard; name = Base; path = Base.lproj/Main.storyboard; sourceTree = "<group>"; };
		6679D56929C3241000EFC21D /* Assets.xcassets */ = {isa = PBXFileReference; lastKnownFileType = folder.assetcatalog; path = Assets.xcassets; sourceTree = "<group>"; };
		6679D56C29C3241000EFC21D /* Base */ = {isa = PBXFileReference; lastKnownFileType = file.storyboard; name = Base; path = Base.lproj/LaunchScreen.storyboard; sourceTree = "<group>"; };
		6679D56E29C3241000EFC21D /* Info.plist */ = {isa = PBXFileReference; lastKnownFileType = text.plist.xml; path = Info.plist; sourceTree = "<group>"; };
		6679D57329C3241100EFC21D /* productsAppTests.xctest */ = {isa = PBXFileReference; explicitFileType = wrapper.cfbundle; includeInIndex = 0; path = productsAppTests.xctest; sourceTree = BUILT_PRODUCTS_DIR; };
		6679D57729C3241100EFC21D /* productsAppTests.swift */ = {isa = PBXFileReference; lastKnownFileType = sourcecode.swift; path = productsAppTests.swift; sourceTree = "<group>"; };
		6679D57D29C3241100EFC21D /* productsAppUITests.xctest */ = {isa = PBXFileReference; explicitFileType = wrapper.cfbundle; includeInIndex = 0; path = productsAppUITests.xctest; sourceTree = BUILT_PRODUCTS_DIR; };
		6679D58129C3241100EFC21D /* productsAppUITests.swift */ = {isa = PBXFileReference; lastKnownFileType = sourcecode.swift; path = productsAppUITests.swift; sourceTree = "<group>"; };
		6679D58329C3241100EFC21D /* productsAppUITestsLaunchTests.swift */ = {isa = PBXFileReference; lastKnownFileType = sourcecode.swift; path = productsAppUITestsLaunchTests.swift; sourceTree = "<group>"; };
		6679D59029C327A200EFC21D /* ProductTableViewCell.swift */ = {isa = PBXFileReference; lastKnownFileType = sourcecode.swift; path = ProductTableViewCell.swift; sourceTree = "<group>"; };
/* End PBXFileReference section */

/* Begin PBXFrameworksBuildPhase section */
		6679D55A29C3240F00EFC21D /* Frameworks */ = {
			isa = PBXFrameworksBuildPhase;
			buildActionMask = 2147483647;
			files = (
			);
			runOnlyForDeploymentPostprocessing = 0;
		};
		6679D57029C3241100EFC21D /* Frameworks */ = {
			isa = PBXFrameworksBuildPhase;
			buildActionMask = 2147483647;
			files = (
			);
			runOnlyForDeploymentPostprocessing = 0;
		};
		6679D57A29C3241100EFC21D /* Frameworks */ = {
			isa = PBXFrameworksBuildPhase;
			buildActionMask = 2147483647;
			files = (
			);
			runOnlyForDeploymentPostprocessing = 0;
		};
/* End PBXFrameworksBuildPhase section */

/* Begin PBXGroup section */
		6679D55429C3240F00EFC21D = {
			isa = PBXGroup;
			children = (
				6679D55F29C3240F00EFC21D /* productsApp */,
				6679D57629C3241100EFC21D /* productsAppTests */,
				6679D58029C3241100EFC21D /* productsAppUITests */,
				6679D55E29C3240F00EFC21D /* Products */,
			);
			sourceTree = "<group>";
		};
		6679D55E29C3240F00EFC21D /* Products */ = {
			isa = PBXGroup;
			children = (
				6679D55D29C3240F00EFC21D /* productsApp.app */,
				6679D57329C3241100EFC21D /* productsAppTests.xctest */,
				6679D57D29C3241100EFC21D /* productsAppUITests.xctest */,
			);
			name = Products;
			sourceTree = "<group>";
		};
		6679D55F29C3240F00EFC21D /* productsApp */ = {
			isa = PBXGroup;
			children = (
				6679D56029C3240F00EFC21D /* AppDelegate.swift */,
				6679D56229C3240F00EFC21D /* SceneDelegate.swift */,
				6679D56429C3240F00EFC21D /* ViewController.swift */,
				6679D56629C3240F00EFC21D /* Main.storyboard */,
				6679D56929C3241000EFC21D /* Assets.xcassets */,
				6679D56B29C3241000EFC21D /* LaunchScreen.storyboard */,
				6679D56E29C3241000EFC21D /* Info.plist */,
				6679D59029C327A200EFC21D /* ProductTableViewCell.swift */,
			);
			path = productsApp;
			sourceTree = "<group>";
		};
		6679D57629C3241100EFC21D /* productsAppTests */ = {
			isa = PBXGroup;
			children = (
				6679D57729C3241100EFC21D /* productsAppTests.swift */,
			);
			path = productsAppTests;
			sourceTree = "<group>";
		};
		6679D58029C3241100EFC21D /* productsAppUITests */ = {
			isa = PBXGroup;
			children = (
				6679D58129C3241100EFC21D /* productsAppUITests.swift */,
				6679D58329C3241100EFC21D /* productsAppUITestsLaunchTests.swift */,
			);
			path = productsAppUITests;
			sourceTree = "<group>";
		};
/* End PBXGroup section */

/* Begin PBXNativeTarget section */
		6679D55C29C3240F00EFC21D /* productsApp */ = {
			isa = PBXNativeTarget;
			buildConfigurationList = 6679D58729C3241100EFC21D /* Build configuration list for PBXNativeTarget "productsApp" */;
			buildPhases = (
				6679D55929C3240F00EFC21D /* Sources */,
				6679D55A29C3240F00EFC21D /* Frameworks */,
				6679D55B29C3240F00EFC21D /* Resources */,
			);
			buildRules = (
			);
			dependencies = (
			);
			name = productsApp;
			productName = productsApp;
			productReference = 6679D55D29C3240F00EFC21D /* productsApp.app */;
			productType = "com.apple.product-type.application";
		};
		6679D57229C3241100EFC21D /* productsAppTests */ = {
			isa = PBXNativeTarget;
			buildConfigurationList = 6679D58A29C3241100EFC21D /* Build configuration list for PBXNativeTarget "productsAppTests" */;
			buildPhases = (
				6679D56F29C3241100EFC21D /* Sources */,
				6679D57029C3241100EFC21D /* Frameworks */,
				6679D57129C3241100EFC21D /* Resources */,
			);
			buildRules = (
			);
			dependencies = (
				6679D57529C3241100EFC21D /* PBXTargetDependency */,
			);
			name = productsAppTests;
			productName = productsAppTests;
			productReference = 6679D57329C3241100EFC21D /* productsAppTests.xctest */;
			productType = "com.apple.product-type.bundle.unit-test";
		};
		6679D57C29C3241100EFC21D /* productsAppUITests */ = {
			isa = PBXNativeTarget;
			buildConfigurationList = 6679D58D29C3241100EFC21D /* Build configuration list for PBXNativeTarget "productsAppUITests" */;
			buildPhases = (
				6679D57929C3241100EFC21D /* Sources */,
				6679D57A29C3241100EFC21D /* Frameworks */,
				6679D57B29C3241100EFC21D /* Resources */,
			);
			buildRules = (
			);
			dependencies = (
				6679D57F29C3241100EFC21D /* PBXTargetDependency */,
			);
			name = productsAppUITests;
			productName = productsAppUITests;
			productReference = 6679D57D29C3241100EFC21D /* productsAppUITests.xctest */;
			productType = "com.apple.product-type.bundle.ui-testing";
		};
/* End PBXNativeTarget section */

/* Begin PBXProject section */
		6679D55529C3240F00EFC21D /* Project object */ = {
			isa = PBXProject;
			attributes = {
				BuildIndependentTargetsInParallel = 1;
				LastSwiftUpdateCheck = 1420;
				LastUpgradeCheck = 1420;
				TargetAttributes = {
					6679D55C29C3240F00EFC21D = {
						CreatedOnToolsVersion = 14.2;
					};
					6679D57229C3241100EFC21D = {
						CreatedOnToolsVersion = 14.2;
						TestTargetID = 6679D55C29C3240F00EFC21D;
					};
					6679D57C29C3241100EFC21D = {
						CreatedOnToolsVersion = 14.2;
						TestTargetID = 6679D55C29C3240F00EFC21D;
					};
				};
			};
			buildConfigurationList = 6679D55829C3240F00EFC21D /* Build configuration list for PBXProject "productsApp" */;
			compatibilityVersion = "Xcode 14.0";
			developmentRegion = en;
			hasScannedForEncodings = 0;
			knownRegions = (
				en,
				Base,
			);
			mainGroup = 6679D55429C3240F00EFC21D;
			productRefGroup = 6679D55E29C3240F00EFC21D /* Products */;
			projectDirPath = "";
			projectRoot = "";
			targets = (
				6679D55C29C3240F00EFC21D /* productsApp */,
				6679D57229C3241100EFC21D /* productsAppTests */,
				6679D57C29C3241100EFC21D /* productsAppUITests */,
			);
		};
/* End PBXProject section */

/* Begin PBXResourcesBuildPhase section */
		6679D55B29C3240F00EFC21D /* Resources */ = {
			isa = PBXResourcesBuildPhase;
			buildActionMask = 2147483647;
			files = (
				6679D56D29C3241000EFC21D /* LaunchScreen.storyboard in Resources */,
				6679D56A29C3241000EFC21D /* Assets.xcassets in Resources */,
				6679D56829C3240F00EFC21D /* Main.storyboard in Resources */,
			);
			runOnlyForDeploymentPostprocessing = 0;
		};
		6679D57129C3241100EFC21D /* Resources */ = {
			isa = PBXResourcesBuildPhase;
			buildActionMask = 2147483647;
			files = (
			);
			runOnlyForDeploymentPostprocessing = 0;
		};
		6679D57B29C3241100EFC21D /* Resources */ = {
			isa = PBXResourcesBuildPhase;
			buildActionMask = 2147483647;
			files = (
			);
			runOnlyForDeploymentPostprocessing = 0;
		};
/* End PBXResourcesBuildPhase section */

/* Begin PBXSourcesBuildPhase section */
		6679D55929C3240F00EFC21D /* Sources */ = {
			isa = PBXSourcesBuildPhase;
			buildActionMask = 2147483647;
			files = (
				6679D56529C3240F00EFC21D /* ViewController.swift in Sources */,
				6679D59129C327A200EFC21D /* ProductTableViewCell.swift in Sources */,
				6679D56129C3240F00EFC21D /* AppDelegate.swift in Sources */,
				6679D56329C3240F00EFC21D /* SceneDelegate.swift in Sources */,
			);
			runOnlyForDeploymentPostprocessing = 0;
		};
		6679D56F29C3241100EFC21D /* Sources */ = {
			isa = PBXSourcesBuildPhase;
			buildActionMask = 2147483647;
			files = (
				6679D57829C3241100EFC21D /* productsAppTests.swift in Sources */,
			);
			runOnlyForDeploymentPostprocessing = 0;
		};
		6679D57929C3241100EFC21D /* Sources */ = {
			isa = PBXSourcesBuildPhase;
			buildActionMask = 2147483647;
			files = (
				6679D58429C3241100EFC21D /* productsAppUITestsLaunchTests.swift in Sources */,
				6679D58229C3241100EFC21D /* productsAppUITests.swift in Sources */,
			);
			runOnlyForDeploymentPostprocessing = 0;
		};
/* End PBXSourcesBuildPhase section */

/* Begin PBXTargetDependency section */
		6679D57529C3241100EFC21D /* PBXTargetDependency */ = {
			isa = PBXTargetDependency;
			target = 6679D55C29C3240F00EFC21D /* productsApp */;
			targetProxy = 6679D57429C3241100EFC21D /* PBXContainerItemProxy */;
		};
		6679D57F29C3241100EFC21D /* PBXTargetDependency */ = {
			isa = PBXTargetDependency;
			target = 6679D55C29C3240F00EFC21D /* productsApp */;
			targetProxy = 6679D57E29C3241100EFC21D /* PBXContainerItemProxy */;
		};
/* End PBXTargetDependency section */

/* Begin PBXVariantGroup section */
		6679D56629C3240F00EFC21D /* Main.storyboard */ = {
			isa = PBXVariantGroup;
			children = (
				6679D56729C3240F00EFC21D /* Base */,
			);
			name = Main.storyboard;
			sourceTree = "<group>";
		};
		6679D56B29C3241000EFC21D /* LaunchScreen.storyboard */ = {
			isa = PBXVariantGroup;
			children = (
				6679D56C29C3241000EFC21D /* Base */,
			);
			name = LaunchScreen.storyboard;
			sourceTree = "<group>";
		};
/* End PBXVariantGroup section */

/* Begin XCBuildConfiguration section */
		6679D58529C3241100EFC21D /* Debug */ = {
			isa = XCBuildConfiguration;
			buildSettings = {
				ALWAYS_SEARCH_USER_PATHS = NO;
				CLANG_ANALYZER_NONNULL = YES;
				CLANG_ANALYZER_NUMBER_OBJECT_CONVERSION = YES_AGGRESSIVE;
				CLANG_CXX_LANGUAGE_STANDARD = "gnu++20";
				CLANG_ENABLE_MODULES = YES;
				CLANG_ENABLE_OBJC_ARC = YES;
				CLANG_ENABLE_OBJC_WEAK = YES;
				CLANG_WARN_BLOCK_CAPTURE_AUTORELEASING = YES;
				CLANG_WARN_BOOL_CONVERSION = YES;
				CLANG_WARN_COMMA = YES;
				CLANG_WARN_CONSTANT_CONVERSION = YES;
				CLANG_WARN_DEPRECATED_OBJC_IMPLEMENTATIONS = YES;
				CLANG_WARN_DIRECT_OBJC_ISA_USAGE = YES_ERROR;
				CLANG_WARN_DOCUMENTATION_COMMENTS = YES;
				CLANG_WARN_EMPTY_BODY = YES;
				CLANG_WARN_ENUM_CONVERSION = YES;
				CLANG_WARN_INFINITE_RECURSION = YES;
				CLANG_WARN_INT_CONVERSION = YES;
				CLANG_WARN_NON_LITERAL_NULL_CONVERSION = YES;
				CLANG_WARN_OBJC_IMPLICIT_RETAIN_SELF = YES;
				CLANG_WARN_OBJC_LITERAL_CONVERSION = YES;
				CLANG_WARN_OBJC_ROOT_CLASS = YES_ERROR;
				CLANG_WARN_QUOTED_INCLUDE_IN_FRAMEWORK_HEADER = YES;
				CLANG_WARN_RANGE_LOOP_ANALYSIS = YES;
				CLANG_WARN_STRICT_PROTOTYPES = YES;
				CLANG_WARN_SUSPICIOUS_MOVE = YES;
				CLANG_WARN_UNGUARDED_AVAILABILITY = YES_AGGRESSIVE;
				CLANG_WARN_UNREACHABLE_CODE = YES;
				CLANG_WARN__DUPLICATE_METHOD_MATCH = YES;
				COPY_PHASE_STRIP = NO;
				DEBUG_INFORMATION_FORMAT = dwarf;
				ENABLE_STRICT_OBJC_MSGSEND = YES;
				ENABLE_TESTABILITY = YES;
				GCC_C_LANGUAGE_STANDARD = gnu11;
				GCC_DYNAMIC_NO_PIC = NO;
				GCC_NO_COMMON_BLOCKS = YES;
				GCC_OPTIMIZATION_LEVEL = 0;
				GCC_PREPROCESSOR_DEFINITIONS = (
					"DEBUG=1",
					"$(inherited)",
				);
				GCC_WARN_64_TO_32_BIT_CONVERSION = YES;
				GCC_WARN_ABOUT_RETURN_TYPE = YES_ERROR;
				GCC_WARN_UNDECLARED_SELECTOR = YES;
				GCC_WARN_UNINITIALIZED_AUTOS = YES_AGGRESSIVE;
				GCC_WARN_UNUSED_FUNCTION = YES;
				GCC_WARN_UNUSED_VARIABLE = YES;
				IPHONEOS_DEPLOYMENT_TARGET = 16.2;
				MTL_ENABLE_DEBUG_INFO = INCLUDE_SOURCE;
				MTL_FAST_MATH = YES;
				ONLY_ACTIVE_ARCH = YES;
				SDKROOT = iphoneos;
				SWIFT_ACTIVE_COMPILATION_CONDITIONS = DEBUG;
				SWIFT_OPTIMIZATION_LEVEL = "-Onone";
			};
			name = Debug;
		};
		6679D58629C3241100EFC21D /* Release */ = {
			isa = XCBuildConfiguration;
			buildSettings = {
				ALWAYS_SEARCH_USER_PATHS = NO;
				CLANG_ANALYZER_NONNULL = YES;
				CLANG_ANALYZER_NUMBER_OBJECT_CONVERSION = YES_AGGRESSIVE;
				CLANG_CXX_LANGUAGE_STANDARD = "gnu++20";
				CLANG_ENABLE_MODULES = YES;
				CLANG_ENABLE_OBJC_ARC = YES;
				CLANG_ENABLE_OBJC_WEAK = YES;
				CLANG_WARN_BLOCK_CAPTURE_AUTORELEASING = YES;
				CLANG_WARN_BOOL_CONVERSION = YES;
				CLANG_WARN_COMMA = YES;
				CLANG_WARN_CONSTANT_CONVERSION = YES;
				CLANG_WARN_DEPRECATED_OBJC_IMPLEMENTATIONS = YES;
				CLANG_WARN_DIRECT_OBJC_ISA_USAGE = YES_ERROR;
				CLANG_WARN_DOCUMENTATION_COMMENTS = YES;
				CLANG_WARN_EMPTY_BODY = YES;
				CLANG_WARN_ENUM_CONVERSION = YES;
				CLANG_WARN_INFINITE_RECURSION = YES;
				CLANG_WARN_INT_CONVERSION = YES;
				CLANG_WARN_NON_LITERAL_NULL_CONVERSION = YES;
				CLANG_WARN_OBJC_IMPLICIT_RETAIN_SELF = YES;
				CLANG_WARN_OBJC_LITERAL_CONVERSION = YES;
				CLANG_WARN_OBJC_ROOT_CLASS = YES_ERROR;
				CLANG_WARN_QUOTED_INCLUDE_IN_FRAMEWORK_HEADER = YES;
				CLANG_WARN_RANGE_LOOP_ANALYSIS = YES;
				CLANG_WARN_STRICT_PROTOTYPES = YES;
				CLANG_WARN_SUSPICIOUS_MOVE = YES;
				CLANG_WARN_UNGUARDED_AVAILABILITY = YES_AGGRESSIVE;
				CLANG_WARN_UNREACHABLE_CODE = YES;
				CLANG_WARN__DUPLICATE_METHOD_MATCH = YES;
				COPY_PHASE_STRIP = NO;
				DEBUG_INFORMATION_FORMAT = "dwarf-with-dsym";
				ENABLE_NS_ASSERTIONS = NO;
				ENABLE_STRICT_OBJC_MSGSEND = YES;
				GCC_C_LANGUAGE_STANDARD = gnu11;
				GCC_NO_COMMON_BLOCKS = YES;
				GCC_WARN_64_TO_32_BIT_CONVERSION = YES;
				GCC_WARN_ABOUT_RETURN_TYPE = YES_ERROR;
				GCC_WARN_UNDECLARED_SELECTOR = YES;
				GCC_WARN_UNINITIALIZED_AUTOS = YES_AGGRESSIVE;
				GCC_WARN_UNUSED_FUNCTION = YES;
				GCC_WARN_UNUSED_VARIABLE = YES;
				IPHONEOS_DEPLOYMENT_TARGET = 16.2;
				MTL_ENABLE_DEBUG_INFO = NO;
				MTL_FAST_MATH = YES;
				SDKROOT = iphoneos;
				SWIFT_COMPILATION_MODE = wholemodule;
				SWIFT_OPTIMIZATION_LEVEL = "-O";
				VALIDATE_PRODUCT = YES;
			};
			name = Release;
		};
		6679D58829C3241100EFC21D /* Debug */ = {
			isa = XCBuildConfiguration;
			buildSettings = {
				ASSETCATALOG_COMPILER_APPICON_NAME = AppIcon;
				ASSETCATALOG_COMPILER_GLOBAL_ACCENT_COLOR_NAME = AccentColor;
				CODE_SIGN_STYLE = Automatic;
				CURRENT_PROJECT_VERSION = 1;
				GENERATE_INFOPLIST_FILE = YES;
				INFOPLIST_FILE = productsApp/Info.plist;
				INFOPLIST_KEY_UIApplicationSupportsIndirectInputEvents = YES;
				INFOPLIST_KEY_UILaunchStoryboardName = LaunchScreen;
				INFOPLIST_KEY_UIMainStoryboardFile = Main;
				INFOPLIST_KEY_UISupportedInterfaceOrientations_iPad = "UIInterfaceOrientationPortrait UIInterfaceOrientationPortraitUpsideDown UIInterfaceOrientationLandscapeLeft UIInterfaceOrientationLandscapeRight";
				INFOPLIST_KEY_UISupportedInterfaceOrientations_iPhone = "UIInterfaceOrientationPortrait UIInterfaceOrientationLandscapeLeft UIInterfaceOrientationLandscapeRight";
				LD_RUNPATH_SEARCH_PATHS = (
					"$(inherited)",
					"@executable_path/Frameworks",
				);
				MARKETING_VERSION = 1.0;
				PRODUCT_BUNDLE_IDENTIFIER = com.mohamedshehata.productsApp;
				PRODUCT_NAME = "$(TARGET_NAME)";
				SWIFT_EMIT_LOC_STRINGS = YES;
				SWIFT_VERSION = 5.0;
				TARGETED_DEVICE_FAMILY = "1,2";
			};
			name = Debug;
		};
		6679D58929C3241100EFC21D /* Release */ = {
			isa = XCBuildConfiguration;
			buildSettings = {
				ASSETCATALOG_COMPILER_APPICON_NAME = AppIcon;
				ASSETCATALOG_COMPILER_GLOBAL_ACCENT_COLOR_NAME = AccentColor;
				CODE_SIGN_STYLE = Automatic;
				CURRENT_PROJECT_VERSION = 1;
				GENERATE_INFOPLIST_FILE = YES;
				INFOPLIST_FILE = productsApp/Info.plist;
				INFOPLIST_KEY_UIApplicationSupportsIndirectInputEvents = YES;
				INFOPLIST_KEY_UILaunchStoryboardName = LaunchScreen;
				INFOPLIST_KEY_UIMainStoryboardFile = Main;
				INFOPLIST_KEY_UISupportedInterfaceOrientations_iPad = "UIInterfaceOrientationPortrait UIInterfaceOrientationPortraitUpsideDown UIInterfaceOrientationLandscapeLeft UIInterfaceOrientationLandscapeRight";
				INFOPLIST_KEY_UISupportedInterfaceOrientations_iPhone = "UIInterfaceOrientationPortrait UIInterfaceOrientationLandscapeLeft UIInterfaceOrientationLandscapeRight";
				LD_RUNPATH_SEARCH_PATHS = (
					"$(inherited)",
					"@executable_path/Frameworks",
				);
				MARKETING_VERSION = 1.0;
				PRODUCT_BUNDLE_IDENTIFIER = com.mohamedshehata.productsApp;
				PRODUCT_NAME = "$(TARGET_NAME)";
				SWIFT_EMIT_LOC_STRINGS = YES;
				SWIFT_VERSION = 5.0;
				TARGETED_DEVICE_FAMILY = "1,2";
			};
			name = Release;
		};
		6679D58B29C3241100EFC21D /* Debug */ = {
			isa = XCBuildConfiguration;
			buildSettings = {
				ALWAYS_EMBED_SWIFT_STANDARD_LIBRARIES = YES;
				BUNDLE_LOADER = "$(TEST_HOST)";
				CODE_SIGN_STYLE = Automatic;
				CURRENT_PROJECT_VERSION = 1;
				GENERATE_INFOPLIST_FILE = YES;
				IPHONEOS_DEPLOYMENT_TARGET = 16.2;
				MARKETING_VERSION = 1.0;
				PRODUCT_BUNDLE_IDENTIFIER = com.mohamedshehata.productsAppTests;
				PRODUCT_NAME = "$(TARGET_NAME)";
				SWIFT_EMIT_LOC_STRINGS = NO;
				SWIFT_VERSION = 5.0;
				TARGETED_DEVICE_FAMILY = "1,2";
				TEST_HOST = "$(BUILT_PRODUCTS_DIR)/productsApp.app/$(BUNDLE_EXECUTABLE_FOLDER_PATH)/productsApp";
			};
			name = Debug;
		};
		6679D58C29C3241100EFC21D /* Release */ = {
			isa = XCBuildConfiguration;
			buildSettings = {
				ALWAYS_EMBED_SWIFT_STANDARD_LIBRARIES = YES;
				BUNDLE_LOADER = "$(TEST_HOST)";
				CODE_SIGN_STYLE = Automatic;
				CURRENT_PROJECT_VERSION = 1;
				GENERATE_INFOPLIST_FILE = YES;
				IPHONEOS_DEPLOYMENT_TARGET = 16.2;
				MARKETING_VERSION = 1.0;
				PRODUCT_BUNDLE_IDENTIFIER = com.mohamedshehata.productsAppTests;
				PRODUCT_NAME = "$(TARGET_NAME)";
				SWIFT_EMIT_LOC_STRINGS = NO;
				SWIFT_VERSION = 5.0;
				TARGETED_DEVICE_FAMILY = "1,2";
				TEST_HOST = "$(BUILT_PRODUCTS_DIR)/productsApp.app/$(BUNDLE_EXECUTABLE_FOLDER_PATH)/productsApp";
			};
			name = Release;
		};
		6679D58E29C3241100EFC21D /* Debug */ = {
			isa = XCBuildConfiguration;
			buildSettings = {
				ALWAYS_EMBED_SWIFT_STANDARD_LIBRARIES = YES;
				CODE_SIGN_STYLE = Automatic;
				CURRENT_PROJECT_VERSION = 1;
				GENERATE_INFOPLIST_FILE = YES;
				MARKETING_VERSION = 1.0;
				PRODUCT_BUNDLE_IDENTIFIER = com.mohamedshehata.productsAppUITests;
				PRODUCT_NAME = "$(TARGET_NAME)";
				SWIFT_EMIT_LOC_STRINGS = NO;
				SWIFT_VERSION = 5.0;
				TARGETED_DEVICE_FAMILY = "1,2";
				TEST_TARGET_NAME = productsApp;
			};
			name = Debug;
		};
		6679D58F29C3241100EFC21D /* Release */ = {
			isa = XCBuildConfiguration;
			buildSettings = {
				ALWAYS_EMBED_SWIFT_STANDARD_LIBRARIES = YES;
				CODE_SIGN_STYLE = Automatic;
				CURRENT_PROJECT_VERSION = 1;
				GENERATE_INFOPLIST_FILE = YES;
				MARKETING_VERSION = 1.0;
				PRODUCT_BUNDLE_IDENTIFIER = com.mohamedshehata.productsAppUITests;
				PRODUCT_NAME = "$(TARGET_NAME)";
				SWIFT_EMIT_LOC_STRINGS = NO;
				SWIFT_VERSION = 5.0;
				TARGETED_DEVICE_FAMILY = "1,2";
				TEST_TARGET_NAME = productsApp;
			};
			name = Release;
		};
/* End XCBuildConfiguration section */

/* Begin XCConfigurationList section */
		6679D55829C3240F00EFC21D /* Build configuration list for PBXProject "productsApp" */ = {
			isa = XCConfigurationList;
			buildConfigurations = (
				6679D58529C3241100EFC21D /* Debug */,
				6679D58629C3241100EFC21D /* Release */,
			);
			defaultConfigurationIsVisible = 0;
			defaultConfigurationName = Release;
		};
		6679D58729C3241100EFC21D /* Build configuration list for PBXNativeTarget "productsApp" */ = {
			isa = XCConfigurationList;
			buildConfigurations = (
				6679D58829C3241100EFC21D /* Debug */,
				6679D58929C3241100EFC21D /* Release */,
			);
			defaultConfigurationIsVisible = 0;
			defaultConfigurationName = Release;
		};
		6679D58A29C3241100EFC21D /* Build configuration list for PBXNativeTarget "productsAppTests" */ = {
			isa = XCConfigurationList;
			buildConfigurations = (
				6679D58B29C3241100EFC21D /* Debug */,
				6679D58C29C3241100EFC21D /* Release */,
			);
			defaultConfigurationIsVisible = 0;
			defaultConfigurationName = Release;
		};
		6679D58D29C3241100EFC21D /* Build configuration list for PBXNativeTarget "productsAppUITests" */ = {
			isa = XCConfigurationList;
			buildConfigurations = (
				6679D58E29C3241100EFC21D /* Debug */,
				6679D58F29C3241100EFC21D /* Release */,
			);
			defaultConfigurationIsVisible = 0;
			defaultConfigurationName = Release;
		};
/* End XCConfigurationList section */
	};
	rootObject = 6679D55529C3240F00EFC21D /* Project object */;
}
